// !$*UTF8*$!
{
	archiveVersion = 1;
	classes = {
	};
	objectVersion = 56;
	objects = {

/* Begin PBXBuildFile section */
		2C21E4842A41CFE800DAE09A /* Date+DateFormatter.swift in Sources */ = {isa = PBXBuildFile; fileRef = 2C21E4832A41CFE800DAE09A /* Date+DateFormatter.swift */; };
		2C2CFCA32A3F9DD400B80728 /* Color.swift in Sources */ = {isa = PBXBuildFile; fileRef = 2C2CFCA22A3F9DD400B80728 /* Color.swift */; };
		2C31EDF12A3A17C000855D45 /* TodoItems.csv in Resources */ = {isa = PBXBuildFile; fileRef = 2C24B3FA2A378AA2004C5816 /* TodoItems.csv */; };
		2C31EDF22A3A17C500855D45 /* TodoItems.json in Resources */ = {isa = PBXBuildFile; fileRef = 2C3458082A35A9DF00B5FA6A /* TodoItems.json */; };
		2C3614A92A44600100C6C9BC /* NotificationKeyboardObserver.swift in Sources */ = {isa = PBXBuildFile; fileRef = 2C3614A82A44600100C6C9BC /* NotificationKeyboardObserver.swift */; };
		2C3614AD2A44E85D00C6C9BC /* DTLogger in Frameworks */ = {isa = PBXBuildFile; productRef = 2C3614AC2A44E85D00C6C9BC /* DTLogger */; };
		2C451A532A35E03100135FF8 /* TodoItemTests.swift in Sources */ = {isa = PBXBuildFile; fileRef = 2C451A522A35E03100135FF8 /* TodoItemTests.swift */; };
		2C507E9C2A48A4BB005F8B4A /* TaskListViewController.swift in Sources */ = {isa = PBXBuildFile; fileRef = 2C507E9B2A48A4BB005F8B4A /* TaskListViewController.swift */; };
		2C507E9F2A48A4F0005F8B4A /* TaskListPresenter.swift in Sources */ = {isa = PBXBuildFile; fileRef = 2C507E9E2A48A4F0005F8B4A /* TaskListPresenter.swift */; };
		2C507EA12A48A511005F8B4A /* TaskListConfigurator.swift in Sources */ = {isa = PBXBuildFile; fileRef = 2C507EA02A48A511005F8B4A /* TaskListConfigurator.swift */; };
		2C507EA32A48A532005F8B4A /* TaskListRouter.swift in Sources */ = {isa = PBXBuildFile; fileRef = 2C507EA22A48A532005F8B4A /* TaskListRouter.swift */; };
		2C507EA62A48AB4B005F8B4A /* TaskListDataSourceProvider.swift in Sources */ = {isa = PBXBuildFile; fileRef = 2C507EA52A48AB4B005F8B4A /* TaskListDataSourceProvider.swift */; };
		2C507EA82A48ABF5005F8B4A /* TaskViewModel.swift in Sources */ = {isa = PBXBuildFile; fileRef = 2C507EA72A48ABF5005F8B4A /* TaskViewModel.swift */; };
		2C507EAB2A48AE3D005F8B4A /* TaskCell.swift in Sources */ = {isa = PBXBuildFile; fileRef = 2C507EAA2A48AE3D005F8B4A /* TaskCell.swift */; };
		2C507EAE2A48AE8E005F8B4A /* IdentifableCell.swift in Sources */ = {isa = PBXBuildFile; fileRef = 2C507EAD2A48AE8E005F8B4A /* IdentifableCell.swift */; };
		2C633F5E2A3F59DD00BD2F29 /* TaskDetailViewController.swift in Sources */ = {isa = PBXBuildFile; fileRef = 2C633F5D2A3F59DD00BD2F29 /* TaskDetailViewController.swift */; };
		2C633F602A3F5A2700BD2F29 /* TaskDetailPresenter.swift in Sources */ = {isa = PBXBuildFile; fileRef = 2C633F5F2A3F5A2700BD2F29 /* TaskDetailPresenter.swift */; };
		2C633F622A3F5A8000BD2F29 /* TaskDetailConfigurator.swift in Sources */ = {isa = PBXBuildFile; fileRef = 2C633F612A3F5A8000BD2F29 /* TaskDetailConfigurator.swift */; };
		2C633F832A3F7A2900BD2F29 /* PresentationAssembly.swift in Sources */ = {isa = PBXBuildFile; fileRef = 2C633F822A3F7A2900BD2F29 /* PresentationAssembly.swift */; };
		2C6C23E12A34AEFC002B107C /* AppDelegate.swift in Sources */ = {isa = PBXBuildFile; fileRef = 2C6C23E02A34AEFC002B107C /* AppDelegate.swift */; };
		2C6C23EA2A34AEFD002B107C /* Assets.xcassets in Resources */ = {isa = PBXBuildFile; fileRef = 2C6C23E92A34AEFD002B107C /* Assets.xcassets */; };
		2C6C23ED2A34AEFD002B107C /* LaunchScreen.storyboard in Resources */ = {isa = PBXBuildFile; fileRef = 2C6C23EB2A34AEFD002B107C /* LaunchScreen.storyboard */; };
		2C6C24022A34AEFE002B107C /* TodoLostUITests.swift in Sources */ = {isa = PBXBuildFile; fileRef = 2C6C24012A34AEFE002B107C /* TodoLostUITests.swift */; };
		2C6C24042A34AEFE002B107C /* TodoLostUITestsLaunchTests.swift in Sources */ = {isa = PBXBuildFile; fileRef = 2C6C24032A34AEFE002B107C /* TodoLostUITestsLaunchTests.swift */; };
		2C6C24132A34AFAC002B107C /* TodoItem.swift in Sources */ = {isa = PBXBuildFile; fileRef = 2C6C24122A34AFAC002B107C /* TodoItem.swift */; };
		2C740FDA2A40B10E00884C79 /* Icons.swift in Sources */ = {isa = PBXBuildFile; fileRef = 2C740FD92A40B10E00884C79 /* Icons.swift */; };
		2C740FDC2A40B7DC00884C79 /* Fonts.swift in Sources */ = {isa = PBXBuildFile; fileRef = 2C740FDB2A40B7DC00884C79 /* Fonts.swift */; };
		2C9B8B252A37295000CC591A /* FileCache.swift in Sources */ = {isa = PBXBuildFile; fileRef = 2C9B8B242A37295000CC591A /* FileCache.swift */; };
		2C9B8B282A37336400CC591A /* FileCacheTests.swift in Sources */ = {isa = PBXBuildFile; fileRef = 2C9B8B272A37336400CC591A /* FileCacheTests.swift */; };
		2C9F840D2A459B7A00A2F1FD /* ColorPickerViewController.swift in Sources */ = {isa = PBXBuildFile; fileRef = 2C9F840C2A459B7A00A2F1FD /* ColorPickerViewController.swift */; };
		2C9F840F2A459BB900A2F1FD /* ColorPickerPresenter.swift in Sources */ = {isa = PBXBuildFile; fileRef = 2C9F840E2A459BB900A2F1FD /* ColorPickerPresenter.swift */; };
		2C9F84112A459BD600A2F1FD /* ColorPickerConfigurator.swift in Sources */ = {isa = PBXBuildFile; fileRef = 2C9F84102A459BD600A2F1FD /* ColorPickerConfigurator.swift */; };
		2C9F84132A459D2500A2F1FD /* TaskDetailRouter.swift in Sources */ = {isa = PBXBuildFile; fileRef = 2C9F84122A459D2500A2F1FD /* TaskDetailRouter.swift */; };
		2C9F84152A45A88D00A2F1FD /* ColorWheel.swift in Sources */ = {isa = PBXBuildFile; fileRef = 2C9F84142A45A88D00A2F1FD /* ColorWheel.swift */; };
		2C9F84192A45BC2B00A2F1FD /* UIColor+HexFormatter.swift in Sources */ = {isa = PBXBuildFile; fileRef = 2C9F84182A45BC2B00A2F1FD /* UIColor+HexFormatter.swift */; };
		2C9F841B2A45E9F100A2F1FD /* UIColor+Hex.swift in Sources */ = {isa = PBXBuildFile; fileRef = 2C9F841A2A45E9F100A2F1FD /* UIColor+Hex.swift */; };
		2CAC791E2A4AF8EB00A02382 /* TaskListHeaderTableView.swift in Sources */ = {isa = PBXBuildFile; fileRef = 2CAC791D2A4AF8EB00A02382 /* TaskListHeaderTableView.swift */; };
		2CD382DD2A4326A000C82343 /* ServiceAssembly.swift in Sources */ = {isa = PBXBuildFile; fileRef = 2CD382DC2A4326A000C82343 /* ServiceAssembly.swift */; };
		2CD382DF2A43283100C82343 /* TaskDetailViewModel.swift in Sources */ = {isa = PBXBuildFile; fileRef = 2CD382DE2A43283100C82343 /* TaskDetailViewModel.swift */; };
		2CD382E02A432B6400C82343 /* TodoItems.json in Resources */ = {isa = PBXBuildFile; fileRef = 2C3458082A35A9DF00B5FA6A /* TodoItems.json */; };
/* End PBXBuildFile section */

/* Begin PBXContainerItemProxy section */
		2C6C23F42A34AEFD002B107C /* PBXContainerItemProxy */ = {
			isa = PBXContainerItemProxy;
			containerPortal = 2C6C23D52A34AEFB002B107C /* Project object */;
			proxyType = 1;
			remoteGlobalIDString = 2C6C23DC2A34AEFB002B107C;
			remoteInfo = TodoLost;
		};
		2C6C23FE2A34AEFE002B107C /* PBXContainerItemProxy */ = {
			isa = PBXContainerItemProxy;
			containerPortal = 2C6C23D52A34AEFB002B107C /* Project object */;
			proxyType = 1;
			remoteGlobalIDString = 2C6C23DC2A34AEFB002B107C;
			remoteInfo = TodoLost;
		};
/* End PBXContainerItemProxy section */

/* Begin PBXFileReference section */
		2C21E4832A41CFE800DAE09A /* Date+DateFormatter.swift */ = {isa = PBXFileReference; lastKnownFileType = sourcecode.swift; path = "Date+DateFormatter.swift"; sourceTree = "<group>"; };
		2C24B3FA2A378AA2004C5816 /* TodoItems.csv */ = {isa = PBXFileReference; lastKnownFileType = text; path = TodoItems.csv; sourceTree = "<group>"; };
		2C2CFCA22A3F9DD400B80728 /* Color.swift */ = {isa = PBXFileReference; lastKnownFileType = sourcecode.swift; path = Color.swift; sourceTree = "<group>"; };
		2C3458082A35A9DF00B5FA6A /* TodoItems.json */ = {isa = PBXFileReference; lastKnownFileType = text.json; path = TodoItems.json; sourceTree = "<group>"; };
		2C3614A82A44600100C6C9BC /* NotificationKeyboardObserver.swift */ = {isa = PBXFileReference; lastKnownFileType = sourcecode.swift; path = NotificationKeyboardObserver.swift; sourceTree = "<group>"; };
		2C451A522A35E03100135FF8 /* TodoItemTests.swift */ = {isa = PBXFileReference; lastKnownFileType = sourcecode.swift; path = TodoItemTests.swift; sourceTree = "<group>"; };
		2C507E9B2A48A4BB005F8B4A /* TaskListViewController.swift */ = {isa = PBXFileReference; lastKnownFileType = sourcecode.swift; path = TaskListViewController.swift; sourceTree = "<group>"; };
		2C507E9E2A48A4F0005F8B4A /* TaskListPresenter.swift */ = {isa = PBXFileReference; lastKnownFileType = sourcecode.swift; path = TaskListPresenter.swift; sourceTree = "<group>"; };
		2C507EA02A48A511005F8B4A /* TaskListConfigurator.swift */ = {isa = PBXFileReference; lastKnownFileType = sourcecode.swift; path = TaskListConfigurator.swift; sourceTree = "<group>"; };
		2C507EA22A48A532005F8B4A /* TaskListRouter.swift */ = {isa = PBXFileReference; lastKnownFileType = sourcecode.swift; path = TaskListRouter.swift; sourceTree = "<group>"; };
		2C507EA52A48AB4B005F8B4A /* TaskListDataSourceProvider.swift */ = {isa = PBXFileReference; lastKnownFileType = sourcecode.swift; path = TaskListDataSourceProvider.swift; sourceTree = "<group>"; };
		2C507EA72A48ABF5005F8B4A /* TaskViewModel.swift */ = {isa = PBXFileReference; lastKnownFileType = sourcecode.swift; path = TaskViewModel.swift; sourceTree = "<group>"; };
		2C507EAA2A48AE3D005F8B4A /* TaskCell.swift */ = {isa = PBXFileReference; lastKnownFileType = sourcecode.swift; path = TaskCell.swift; sourceTree = "<group>"; };
		2C507EAD2A48AE8E005F8B4A /* IdentifableCell.swift */ = {isa = PBXFileReference; lastKnownFileType = sourcecode.swift; path = IdentifableCell.swift; sourceTree = "<group>"; };
		2C5C7B9E2A3604A900B7DF19 /* .gitignore */ = {isa = PBXFileReference; lastKnownFileType = text; path = .gitignore; sourceTree = "<group>"; };
		2C633F5D2A3F59DD00BD2F29 /* TaskDetailViewController.swift */ = {isa = PBXFileReference; lastKnownFileType = sourcecode.swift; path = TaskDetailViewController.swift; sourceTree = "<group>"; };
		2C633F5F2A3F5A2700BD2F29 /* TaskDetailPresenter.swift */ = {isa = PBXFileReference; lastKnownFileType = sourcecode.swift; path = TaskDetailPresenter.swift; sourceTree = "<group>"; };
		2C633F612A3F5A8000BD2F29 /* TaskDetailConfigurator.swift */ = {isa = PBXFileReference; lastKnownFileType = sourcecode.swift; path = TaskDetailConfigurator.swift; sourceTree = "<group>"; };
		2C633F822A3F7A2900BD2F29 /* PresentationAssembly.swift */ = {isa = PBXFileReference; lastKnownFileType = sourcecode.swift; path = PresentationAssembly.swift; sourceTree = "<group>"; };
		2C6C23DD2A34AEFC002B107C /* TodoLost.app */ = {isa = PBXFileReference; explicitFileType = wrapper.application; includeInIndex = 0; path = TodoLost.app; sourceTree = BUILT_PRODUCTS_DIR; };
		2C6C23E02A34AEFC002B107C /* AppDelegate.swift */ = {isa = PBXFileReference; lastKnownFileType = sourcecode.swift; path = AppDelegate.swift; sourceTree = "<group>"; };
		2C6C23E92A34AEFD002B107C /* Assets.xcassets */ = {isa = PBXFileReference; lastKnownFileType = folder.assetcatalog; path = Assets.xcassets; sourceTree = "<group>"; };
		2C6C23EC2A34AEFD002B107C /* Base */ = {isa = PBXFileReference; lastKnownFileType = file.storyboard; name = Base; path = Base.lproj/LaunchScreen.storyboard; sourceTree = "<group>"; };
		2C6C23EE2A34AEFD002B107C /* Info.plist */ = {isa = PBXFileReference; lastKnownFileType = text.plist.xml; path = Info.plist; sourceTree = "<group>"; };
		2C6C23F32A34AEFD002B107C /* TodoLostTests.xctest */ = {isa = PBXFileReference; explicitFileType = wrapper.cfbundle; includeInIndex = 0; path = TodoLostTests.xctest; sourceTree = BUILT_PRODUCTS_DIR; };
		2C6C23FD2A34AEFE002B107C /* TodoLostUITests.xctest */ = {isa = PBXFileReference; explicitFileType = wrapper.cfbundle; includeInIndex = 0; path = TodoLostUITests.xctest; sourceTree = BUILT_PRODUCTS_DIR; };
		2C6C24012A34AEFE002B107C /* TodoLostUITests.swift */ = {isa = PBXFileReference; lastKnownFileType = sourcecode.swift; path = TodoLostUITests.swift; sourceTree = "<group>"; };
		2C6C24032A34AEFE002B107C /* TodoLostUITestsLaunchTests.swift */ = {isa = PBXFileReference; lastKnownFileType = sourcecode.swift; path = TodoLostUITestsLaunchTests.swift; sourceTree = "<group>"; };
		2C6C24122A34AFAC002B107C /* TodoItem.swift */ = {isa = PBXFileReference; lastKnownFileType = sourcecode.swift; path = TodoItem.swift; sourceTree = "<group>"; };
		2C740FD92A40B10E00884C79 /* Icons.swift */ = {isa = PBXFileReference; lastKnownFileType = sourcecode.swift; path = Icons.swift; sourceTree = "<group>"; };
		2C740FDB2A40B7DC00884C79 /* Fonts.swift */ = {isa = PBXFileReference; lastKnownFileType = sourcecode.swift; path = Fonts.swift; sourceTree = "<group>"; };
		2C9B8B242A37295000CC591A /* FileCache.swift */ = {isa = PBXFileReference; lastKnownFileType = sourcecode.swift; path = FileCache.swift; sourceTree = "<group>"; };
		2C9B8B272A37336400CC591A /* FileCacheTests.swift */ = {isa = PBXFileReference; lastKnownFileType = sourcecode.swift; path = FileCacheTests.swift; sourceTree = "<group>"; };
		2C9F840C2A459B7A00A2F1FD /* ColorPickerViewController.swift */ = {isa = PBXFileReference; lastKnownFileType = sourcecode.swift; path = ColorPickerViewController.swift; sourceTree = "<group>"; };
		2C9F840E2A459BB900A2F1FD /* ColorPickerPresenter.swift */ = {isa = PBXFileReference; lastKnownFileType = sourcecode.swift; path = ColorPickerPresenter.swift; sourceTree = "<group>"; };
		2C9F84102A459BD600A2F1FD /* ColorPickerConfigurator.swift */ = {isa = PBXFileReference; lastKnownFileType = sourcecode.swift; path = ColorPickerConfigurator.swift; sourceTree = "<group>"; };
		2C9F84122A459D2500A2F1FD /* TaskDetailRouter.swift */ = {isa = PBXFileReference; lastKnownFileType = sourcecode.swift; path = TaskDetailRouter.swift; sourceTree = "<group>"; };
		2C9F84142A45A88D00A2F1FD /* ColorWheel.swift */ = {isa = PBXFileReference; lastKnownFileType = sourcecode.swift; path = ColorWheel.swift; sourceTree = "<group>"; };
		2C9F84182A45BC2B00A2F1FD /* UIColor+HexFormatter.swift */ = {isa = PBXFileReference; lastKnownFileType = sourcecode.swift; path = "UIColor+HexFormatter.swift"; sourceTree = "<group>"; };
		2C9F841A2A45E9F100A2F1FD /* UIColor+Hex.swift */ = {isa = PBXFileReference; lastKnownFileType = sourcecode.swift; path = "UIColor+Hex.swift"; sourceTree = "<group>"; };
		2CAC791D2A4AF8EB00A02382 /* TaskListHeaderTableView.swift */ = {isa = PBXFileReference; lastKnownFileType = sourcecode.swift; path = TaskListHeaderTableView.swift; sourceTree = "<group>"; };
		2CB15C912A36515E0060584F /* TodoLost.xctestplan */ = {isa = PBXFileReference; lastKnownFileType = text; path = TodoLost.xctestplan; sourceTree = "<group>"; };
		2CD382DC2A4326A000C82343 /* ServiceAssembly.swift */ = {isa = PBXFileReference; lastKnownFileType = sourcecode.swift; path = ServiceAssembly.swift; sourceTree = "<group>"; };
		2CD382DE2A43283100C82343 /* TaskDetailViewModel.swift */ = {isa = PBXFileReference; lastKnownFileType = sourcecode.swift; path = TaskDetailViewModel.swift; sourceTree = "<group>"; };
/* End PBXFileReference section */

/* Begin PBXFrameworksBuildPhase section */
		2C6C23DA2A34AEFB002B107C /* Frameworks */ = {
			isa = PBXFrameworksBuildPhase;
			buildActionMask = 2147483647;
			files = (
				2C3614AD2A44E85D00C6C9BC /* DTLogger in Frameworks */,
			);
			runOnlyForDeploymentPostprocessing = 0;
		};
		2C6C23F02A34AEFD002B107C /* Frameworks */ = {
			isa = PBXFrameworksBuildPhase;
			buildActionMask = 2147483647;
			files = (
			);
			runOnlyForDeploymentPostprocessing = 0;
		};
		2C6C23FA2A34AEFE002B107C /* Frameworks */ = {
			isa = PBXFrameworksBuildPhase;
			buildActionMask = 2147483647;
			files = (
			);
			runOnlyForDeploymentPostprocessing = 0;
		};
/* End PBXFrameworksBuildPhase section */

/* Begin PBXGroup section */
		2C21E4822A41CFBB00DAE09A /* Extensions */ = {
			isa = PBXGroup;
			children = (
				2C21E4832A41CFE800DAE09A /* Date+DateFormatter.swift */,
				2C9F84182A45BC2B00A2F1FD /* UIColor+HexFormatter.swift */,
				2C9F841A2A45E9F100A2F1FD /* UIColor+Hex.swift */,
			);
			path = Extensions;
			sourceTree = "<group>";
		};
		2C2CFCA12A3F9DC100B80728 /* Constants */ = {
			isa = PBXGroup;
			children = (
				2C2CFCA22A3F9DD400B80728 /* Color.swift */,
				2C740FD92A40B10E00884C79 /* Icons.swift */,
				2C740FDB2A40B7DC00884C79 /* Fonts.swift */,
			);
			path = Constants;
			sourceTree = "<group>";
		};
		2C3614AA2A4465C700C6C9BC /* Observers */ = {
			isa = PBXGroup;
			children = (
				2C3614A82A44600100C6C9BC /* NotificationKeyboardObserver.swift */,
			);
			path = Observers;
			sourceTree = "<group>";
		};
		2C451A502A35E00400135FF8 /* Services */ = {
			isa = PBXGroup;
			children = (
				2C451A512A35E01000135FF8 /* Models */,
				2C9B8B262A37334700CC591A /* Storages */,
			);
			path = Services;
			sourceTree = "<group>";
		};
		2C451A512A35E01000135FF8 /* Models */ = {
			isa = PBXGroup;
			children = (
				2C3458082A35A9DF00B5FA6A /* TodoItems.json */,
				2C24B3FA2A378AA2004C5816 /* TodoItems.csv */,
				2C451A522A35E03100135FF8 /* TodoItemTests.swift */,
			);
			path = Models;
			sourceTree = "<group>";
		};
		2C507E9A2A48A49B005F8B4A /* TaskList */ = {
			isa = PBXGroup;
			children = (
				2CAC791C2A4AF8C300A02382 /* Headers */,
				2C507EA92A48ADEC005F8B4A /* Cells */,
				2C507EA42A48AB13005F8B4A /* Providers */,
				2C507E9B2A48A4BB005F8B4A /* TaskListViewController.swift */,
				2C507E9E2A48A4F0005F8B4A /* TaskListPresenter.swift */,
				2C507EA02A48A511005F8B4A /* TaskListConfigurator.swift */,
				2C507EA22A48A532005F8B4A /* TaskListRouter.swift */,
				2C507EA72A48ABF5005F8B4A /* TaskViewModel.swift */,
			);
			path = TaskList;
			sourceTree = "<group>";
		};
		2C507EA42A48AB13005F8B4A /* Providers */ = {
			isa = PBXGroup;
			children = (
				2C507EA52A48AB4B005F8B4A /* TaskListDataSourceProvider.swift */,
			);
			path = Providers;
			sourceTree = "<group>";
		};
		2C507EA92A48ADEC005F8B4A /* Cells */ = {
			isa = PBXGroup;
			children = (
				2C507EAA2A48AE3D005F8B4A /* TaskCell.swift */,
			);
			path = Cells;
			sourceTree = "<group>";
		};
		2C507EAC2A48AE69005F8B4A /* Protocols */ = {
			isa = PBXGroup;
			children = (
				2C507EAD2A48AE8E005F8B4A /* IdentifableCell.swift */,
			);
			path = Protocols;
			sourceTree = "<group>";
		};
		2C633F5B2A3F590A00BD2F29 /* PresentationLayer */ = {
			isa = PBXGroup;
			children = (
				2C633F822A3F7A2900BD2F29 /* PresentationAssembly.swift */,
				2C507E9A2A48A49B005F8B4A /* TaskList */,
				2C633F5C2A3F59A200BD2F29 /* TaskDetail */,
				2C9F840B2A459B4E00A2F1FD /* ColorPicker */,
			);
			path = PresentationLayer;
			sourceTree = "<group>";
		};
		2C633F5C2A3F59A200BD2F29 /* TaskDetail */ = {
			isa = PBXGroup;
			children = (
				2C633F5D2A3F59DD00BD2F29 /* TaskDetailViewController.swift */,
				2C633F5F2A3F5A2700BD2F29 /* TaskDetailPresenter.swift */,
				2C633F612A3F5A8000BD2F29 /* TaskDetailConfigurator.swift */,
				2CD382DE2A43283100C82343 /* TaskDetailViewModel.swift */,
				2C9F84122A459D2500A2F1FD /* TaskDetailRouter.swift */,
			);
			path = TaskDetail;
			sourceTree = "<group>";
		};
		2C633F652A3F5BF900BD2F29 /* Common */ = {
			isa = PBXGroup;
			children = (
				2C507EAC2A48AE69005F8B4A /* Protocols */,
				2C21E4822A41CFBB00DAE09A /* Extensions */,
				2C2CFCA12A3F9DC100B80728 /* Constants */,
			);
			path = Common;
			sourceTree = "<group>";
		};
		2C633F772A3F680600BD2F29 /* Default */ = {
			isa = PBXGroup;
			children = (
				2C633F782A3F682D00BD2F29 /* Recources */,
				2C6C23E02A34AEFC002B107C /* AppDelegate.swift */,
				2C6C23EB2A34AEFD002B107C /* LaunchScreen.storyboard */,
			);
			path = Default;
			sourceTree = "<group>";
		};
		2C633F782A3F682D00BD2F29 /* Recources */ = {
			isa = PBXGroup;
			children = (
				2C6C23E92A34AEFD002B107C /* Assets.xcassets */,
			);
			path = Recources;
			sourceTree = "<group>";
		};
		2C6C23D42A34AEFB002B107C = {
			isa = PBXGroup;
			children = (
				2CB15C912A36515E0060584F /* TodoLost.xctestplan */,
				2C5C7B9E2A3604A900B7DF19 /* .gitignore */,
				2C6C23DF2A34AEFC002B107C /* TodoLost */,
				2C6C23F62A34AEFD002B107C /* TodoLostTests */,
				2C6C24002A34AEFE002B107C /* TodoLostUITests */,
				2C6C23DE2A34AEFC002B107C /* Products */,
			);
			sourceTree = "<group>";
		};
		2C6C23DE2A34AEFC002B107C /* Products */ = {
			isa = PBXGroup;
			children = (
				2C6C23DD2A34AEFC002B107C /* TodoLost.app */,
				2C6C23F32A34AEFD002B107C /* TodoLostTests.xctest */,
				2C6C23FD2A34AEFE002B107C /* TodoLostUITests.xctest */,
			);
			name = Products;
			sourceTree = "<group>";
		};
		2C6C23DF2A34AEFC002B107C /* TodoLost */ = {
			isa = PBXGroup;
			children = (
				2C6C23EE2A34AEFD002B107C /* Info.plist */,
				2C633F772A3F680600BD2F29 /* Default */,
				2C633F652A3F5BF900BD2F29 /* Common */,
				2C6C24102A34AF4A002B107C /* Services */,
				2C633F5B2A3F590A00BD2F29 /* PresentationLayer */,
			);
			path = TodoLost;
			sourceTree = "<group>";
		};
		2C6C23F62A34AEFD002B107C /* TodoLostTests */ = {
			isa = PBXGroup;
			children = (
				2C451A502A35E00400135FF8 /* Services */,
			);
			path = TodoLostTests;
			sourceTree = "<group>";
		};
		2C6C24002A34AEFE002B107C /* TodoLostUITests */ = {
			isa = PBXGroup;
			children = (
				2C6C24012A34AEFE002B107C /* TodoLostUITests.swift */,
				2C6C24032A34AEFE002B107C /* TodoLostUITestsLaunchTests.swift */,
			);
			path = TodoLostUITests;
			sourceTree = "<group>";
		};
		2C6C24102A34AF4A002B107C /* Services */ = {
			isa = PBXGroup;
			children = (
				2CD382DC2A4326A000C82343 /* ServiceAssembly.swift */,
				2C3614AA2A4465C700C6C9BC /* Observers */,
				2C6C24142A34AFFC002B107C /* Models */,
				2C9B8B232A37292900CC591A /* Storages */,
			);
			path = Services;
			sourceTree = "<group>";
		};
		2C6C24142A34AFFC002B107C /* Models */ = {
			isa = PBXGroup;
			children = (
				2C6C24122A34AFAC002B107C /* TodoItem.swift */,
			);
			path = Models;
			sourceTree = "<group>";
		};
		2C9B8B232A37292900CC591A /* Storages */ = {
			isa = PBXGroup;
			children = (
				2C9B8B242A37295000CC591A /* FileCache.swift */,
			);
			path = Storages;
			sourceTree = "<group>";
		};
		2C9B8B262A37334700CC591A /* Storages */ = {
			isa = PBXGroup;
			children = (
				2C9B8B272A37336400CC591A /* FileCacheTests.swift */,
			);
			path = Storages;
			sourceTree = "<group>";
		};
		2C9F840B2A459B4E00A2F1FD /* ColorPicker */ = {
			isa = PBXGroup;
			children = (
				2C9F84142A45A88D00A2F1FD /* ColorWheel.swift */,
				2C9F840C2A459B7A00A2F1FD /* ColorPickerViewController.swift */,
				2C9F840E2A459BB900A2F1FD /* ColorPickerPresenter.swift */,
				2C9F84102A459BD600A2F1FD /* ColorPickerConfigurator.swift */,
			);
			path = ColorPicker;
			sourceTree = "<group>";
		};
		2CAC791C2A4AF8C300A02382 /* Headers */ = {
			isa = PBXGroup;
			children = (
				2CAC791D2A4AF8EB00A02382 /* TaskListHeaderTableView.swift */,
			);
			path = Headers;
			sourceTree = "<group>";
		};
/* End PBXGroup section */

/* Begin PBXNativeTarget section */
		2C6C23DC2A34AEFB002B107C /* TodoLost */ = {
			isa = PBXNativeTarget;
			buildConfigurationList = 2C6C24072A34AEFE002B107C /* Build configuration list for PBXNativeTarget "TodoLost" */;
			buildPhases = (
				2C6C23D92A34AEFB002B107C /* Sources */,
				2C6C23DA2A34AEFB002B107C /* Frameworks */,
				2C6C23DB2A34AEFB002B107C /* Resources */,
			);
			buildRules = (
			);
			dependencies = (
			);
			name = TodoLost;
			packageProductDependencies = (
				2C3614AC2A44E85D00C6C9BC /* DTLogger */,
			);
			productName = TodoLost;
			productReference = 2C6C23DD2A34AEFC002B107C /* TodoLost.app */;
			productType = "com.apple.product-type.application";
		};
		2C6C23F22A34AEFD002B107C /* TodoLostTests */ = {
			isa = PBXNativeTarget;
			buildConfigurationList = 2C6C240A2A34AEFE002B107C /* Build configuration list for PBXNativeTarget "TodoLostTests" */;
			buildPhases = (
				2C6C23EF2A34AEFD002B107C /* Sources */,
				2C6C23F02A34AEFD002B107C /* Frameworks */,
				2C6C23F12A34AEFD002B107C /* Resources */,
			);
			buildRules = (
			);
			dependencies = (
				2C6C23F52A34AEFD002B107C /* PBXTargetDependency */,
			);
			name = TodoLostTests;
			productName = TodoLostTests;
			productReference = 2C6C23F32A34AEFD002B107C /* TodoLostTests.xctest */;
			productType = "com.apple.product-type.bundle.unit-test";
		};
		2C6C23FC2A34AEFE002B107C /* TodoLostUITests */ = {
			isa = PBXNativeTarget;
			buildConfigurationList = 2C6C240D2A34AEFE002B107C /* Build configuration list for PBXNativeTarget "TodoLostUITests" */;
			buildPhases = (
				2C6C23F92A34AEFE002B107C /* Sources */,
				2C6C23FA2A34AEFE002B107C /* Frameworks */,
				2C6C23FB2A34AEFE002B107C /* Resources */,
			);
			buildRules = (
			);
			dependencies = (
				2C6C23FF2A34AEFE002B107C /* PBXTargetDependency */,
			);
			name = TodoLostUITests;
			productName = TodoLostUITests;
			productReference = 2C6C23FD2A34AEFE002B107C /* TodoLostUITests.xctest */;
			productType = "com.apple.product-type.bundle.ui-testing";
		};
/* End PBXNativeTarget section */

/* Begin PBXProject section */
		2C6C23D52A34AEFB002B107C /* Project object */ = {
			isa = PBXProject;
			attributes = {
				BuildIndependentTargetsInParallel = 1;
				LastSwiftUpdateCheck = 1430;
				LastUpgradeCheck = 1430;
				TargetAttributes = {
					2C6C23DC2A34AEFB002B107C = {
						CreatedOnToolsVersion = 14.3;
					};
					2C6C23F22A34AEFD002B107C = {
						CreatedOnToolsVersion = 14.3;
						TestTargetID = 2C6C23DC2A34AEFB002B107C;
					};
					2C6C23FC2A34AEFE002B107C = {
						CreatedOnToolsVersion = 14.3;
						TestTargetID = 2C6C23DC2A34AEFB002B107C;
					};
				};
			};
			buildConfigurationList = 2C6C23D82A34AEFB002B107C /* Build configuration list for PBXProject "TodoLost" */;
			compatibilityVersion = "Xcode 14.0";
			developmentRegion = en;
			hasScannedForEncodings = 0;
			knownRegions = (
				en,
				Base,
			);
			mainGroup = 2C6C23D42A34AEFB002B107C;
			packageReferences = (
				2C3614AB2A44E85D00C6C9BC /* XCRemoteSwiftPackageReference "DTLogger" */,
			);
			productRefGroup = 2C6C23DE2A34AEFC002B107C /* Products */;
			projectDirPath = "";
			projectRoot = "";
			targets = (
				2C6C23DC2A34AEFB002B107C /* TodoLost */,
				2C6C23F22A34AEFD002B107C /* TodoLostTests */,
				2C6C23FC2A34AEFE002B107C /* TodoLostUITests */,
			);
		};
/* End PBXProject section */

/* Begin PBXResourcesBuildPhase section */
		2C6C23DB2A34AEFB002B107C /* Resources */ = {
			isa = PBXResourcesBuildPhase;
			buildActionMask = 2147483647;
			files = (
				2C6C23ED2A34AEFD002B107C /* LaunchScreen.storyboard in Resources */,
				2C6C23EA2A34AEFD002B107C /* Assets.xcassets in Resources */,
				2CD382E02A432B6400C82343 /* TodoItems.json in Resources */,
			);
			runOnlyForDeploymentPostprocessing = 0;
		};
		2C6C23F12A34AEFD002B107C /* Resources */ = {
			isa = PBXResourcesBuildPhase;
			buildActionMask = 2147483647;
			files = (
				2C31EDF22A3A17C500855D45 /* TodoItems.json in Resources */,
				2C31EDF12A3A17C000855D45 /* TodoItems.csv in Resources */,
			);
			runOnlyForDeploymentPostprocessing = 0;
		};
		2C6C23FB2A34AEFE002B107C /* Resources */ = {
			isa = PBXResourcesBuildPhase;
			buildActionMask = 2147483647;
			files = (
			);
			runOnlyForDeploymentPostprocessing = 0;
		};
/* End PBXResourcesBuildPhase section */

/* Begin PBXSourcesBuildPhase section */
		2C6C23D92A34AEFB002B107C /* Sources */ = {
			isa = PBXSourcesBuildPhase;
			buildActionMask = 2147483647;
			files = (
				2C507EAE2A48AE8E005F8B4A /* IdentifableCell.swift in Sources */,
				2C507EA62A48AB4B005F8B4A /* TaskListDataSourceProvider.swift in Sources */,
				2C9F841B2A45E9F100A2F1FD /* UIColor+Hex.swift in Sources */,
				2C507E9C2A48A4BB005F8B4A /* TaskListViewController.swift in Sources */,
				2C633F622A3F5A8000BD2F29 /* TaskDetailConfigurator.swift in Sources */,
				2CAC791E2A4AF8EB00A02382 /* TaskListHeaderTableView.swift in Sources */,
				2CD382DD2A4326A000C82343 /* ServiceAssembly.swift in Sources */,
				2C9F84192A45BC2B00A2F1FD /* UIColor+HexFormatter.swift in Sources */,
				2C507E9F2A48A4F0005F8B4A /* TaskListPresenter.swift in Sources */,
				2C21E4842A41CFE800DAE09A /* Date+DateFormatter.swift in Sources */,
				2C507EAB2A48AE3D005F8B4A /* TaskCell.swift in Sources */,
				2C633F5E2A3F59DD00BD2F29 /* TaskDetailViewController.swift in Sources */,
				2CD382DF2A43283100C82343 /* TaskDetailViewModel.swift in Sources */,
				2C9F840D2A459B7A00A2F1FD /* ColorPickerViewController.swift in Sources */,
				2C2CFCA32A3F9DD400B80728 /* Color.swift in Sources */,
				2C740FDC2A40B7DC00884C79 /* Fonts.swift in Sources */,
				2C6C23E12A34AEFC002B107C /* AppDelegate.swift in Sources */,
				2C740FDA2A40B10E00884C79 /* Icons.swift in Sources */,
				2C9F84132A459D2500A2F1FD /* TaskDetailRouter.swift in Sources */,
				2C507EA32A48A532005F8B4A /* TaskListRouter.swift in Sources */,
				2C507EA12A48A511005F8B4A /* TaskListConfigurator.swift in Sources */,
				2C9F840F2A459BB900A2F1FD /* ColorPickerPresenter.swift in Sources */,
				2C6C24132A34AFAC002B107C /* TodoItem.swift in Sources */,
				2C3614A92A44600100C6C9BC /* NotificationKeyboardObserver.swift in Sources */,
				2C507EA82A48ABF5005F8B4A /* TaskViewModel.swift in Sources */,
				2C9B8B252A37295000CC591A /* FileCache.swift in Sources */,
				2C633F832A3F7A2900BD2F29 /* PresentationAssembly.swift in Sources */,
				2C633F602A3F5A2700BD2F29 /* TaskDetailPresenter.swift in Sources */,
				2C9F84112A459BD600A2F1FD /* ColorPickerConfigurator.swift in Sources */,
				2C9F84152A45A88D00A2F1FD /* ColorWheel.swift in Sources */,
			);
			runOnlyForDeploymentPostprocessing = 0;
		};
		2C6C23EF2A34AEFD002B107C /* Sources */ = {
			isa = PBXSourcesBuildPhase;
			buildActionMask = 2147483647;
			files = (
				2C9B8B282A37336400CC591A /* FileCacheTests.swift in Sources */,
				2C451A532A35E03100135FF8 /* TodoItemTests.swift in Sources */,
			);
			runOnlyForDeploymentPostprocessing = 0;
		};
		2C6C23F92A34AEFE002B107C /* Sources */ = {
			isa = PBXSourcesBuildPhase;
			buildActionMask = 2147483647;
			files = (
				2C6C24042A34AEFE002B107C /* TodoLostUITestsLaunchTests.swift in Sources */,
				2C6C24022A34AEFE002B107C /* TodoLostUITests.swift in Sources */,
			);
			runOnlyForDeploymentPostprocessing = 0;
		};
/* End PBXSourcesBuildPhase section */

/* Begin PBXTargetDependency section */
		2C6C23F52A34AEFD002B107C /* PBXTargetDependency */ = {
			isa = PBXTargetDependency;
			target = 2C6C23DC2A34AEFB002B107C /* TodoLost */;
			targetProxy = 2C6C23F42A34AEFD002B107C /* PBXContainerItemProxy */;
		};
		2C6C23FF2A34AEFE002B107C /* PBXTargetDependency */ = {
			isa = PBXTargetDependency;
			target = 2C6C23DC2A34AEFB002B107C /* TodoLost */;
			targetProxy = 2C6C23FE2A34AEFE002B107C /* PBXContainerItemProxy */;
		};
/* End PBXTargetDependency section */

/* Begin PBXVariantGroup section */
		2C6C23EB2A34AEFD002B107C /* LaunchScreen.storyboard */ = {
			isa = PBXVariantGroup;
			children = (
				2C6C23EC2A34AEFD002B107C /* Base */,
			);
			name = LaunchScreen.storyboard;
			sourceTree = "<group>";
		};
/* End PBXVariantGroup section */

/* Begin XCBuildConfiguration section */
		2C6C24052A34AEFE002B107C /* Debug */ = {
			isa = XCBuildConfiguration;
			buildSettings = {
				ALWAYS_SEARCH_USER_PATHS = NO;
				CLANG_ANALYZER_NONNULL = YES;
				CLANG_ANALYZER_NUMBER_OBJECT_CONVERSION = YES_AGGRESSIVE;
				CLANG_CXX_LANGUAGE_STANDARD = "gnu++20";
				CLANG_ENABLE_MODULES = YES;
				CLANG_ENABLE_OBJC_ARC = YES;
				CLANG_ENABLE_OBJC_WEAK = YES;
				CLANG_WARN_BLOCK_CAPTURE_AUTORELEASING = YES;
				CLANG_WARN_BOOL_CONVERSION = YES;
				CLANG_WARN_COMMA = YES;
				CLANG_WARN_CONSTANT_CONVERSION = YES;
				CLANG_WARN_DEPRECATED_OBJC_IMPLEMENTATIONS = YES;
				CLANG_WARN_DIRECT_OBJC_ISA_USAGE = YES_ERROR;
				CLANG_WARN_DOCUMENTATION_COMMENTS = YES;
				CLANG_WARN_EMPTY_BODY = YES;
				CLANG_WARN_ENUM_CONVERSION = YES;
				CLANG_WARN_INFINITE_RECURSION = YES;
				CLANG_WARN_INT_CONVERSION = YES;
				CLANG_WARN_NON_LITERAL_NULL_CONVERSION = YES;
				CLANG_WARN_OBJC_IMPLICIT_RETAIN_SELF = YES;
				CLANG_WARN_OBJC_LITERAL_CONVERSION = YES;
				CLANG_WARN_OBJC_ROOT_CLASS = YES_ERROR;
				CLANG_WARN_QUOTED_INCLUDE_IN_FRAMEWORK_HEADER = YES;
				CLANG_WARN_RANGE_LOOP_ANALYSIS = YES;
				CLANG_WARN_STRICT_PROTOTYPES = YES;
				CLANG_WARN_SUSPICIOUS_MOVE = YES;
				CLANG_WARN_UNGUARDED_AVAILABILITY = YES_AGGRESSIVE;
				CLANG_WARN_UNREACHABLE_CODE = YES;
				CLANG_WARN__DUPLICATE_METHOD_MATCH = YES;
				COPY_PHASE_STRIP = NO;
				DEBUG_INFORMATION_FORMAT = dwarf;
				ENABLE_STRICT_OBJC_MSGSEND = YES;
				ENABLE_TESTABILITY = YES;
				GCC_C_LANGUAGE_STANDARD = gnu11;
				GCC_DYNAMIC_NO_PIC = NO;
				GCC_NO_COMMON_BLOCKS = YES;
				GCC_OPTIMIZATION_LEVEL = 0;
				GCC_PREPROCESSOR_DEFINITIONS = (
					"DEBUG=1",
					"$(inherited)",
				);
				GCC_WARN_64_TO_32_BIT_CONVERSION = YES;
				GCC_WARN_ABOUT_RETURN_TYPE = YES_ERROR;
				GCC_WARN_UNDECLARED_SELECTOR = YES;
				GCC_WARN_UNINITIALIZED_AUTOS = YES_AGGRESSIVE;
				GCC_WARN_UNUSED_FUNCTION = YES;
				GCC_WARN_UNUSED_VARIABLE = YES;
				IPHONEOS_DEPLOYMENT_TARGET = 16.4;
				MTL_ENABLE_DEBUG_INFO = INCLUDE_SOURCE;
				MTL_FAST_MATH = YES;
				ONLY_ACTIVE_ARCH = YES;
				SDKROOT = iphoneos;
				SWIFT_ACTIVE_COMPILATION_CONDITIONS = DEBUG;
				SWIFT_OPTIMIZATION_LEVEL = "-Onone";
			};
			name = Debug;
		};
		2C6C24062A34AEFE002B107C /* Release */ = {
			isa = XCBuildConfiguration;
			buildSettings = {
				ALWAYS_SEARCH_USER_PATHS = NO;
				CLANG_ANALYZER_NONNULL = YES;
				CLANG_ANALYZER_NUMBER_OBJECT_CONVERSION = YES_AGGRESSIVE;
				CLANG_CXX_LANGUAGE_STANDARD = "gnu++20";
				CLANG_ENABLE_MODULES = YES;
				CLANG_ENABLE_OBJC_ARC = YES;
				CLANG_ENABLE_OBJC_WEAK = YES;
				CLANG_WARN_BLOCK_CAPTURE_AUTORELEASING = YES;
				CLANG_WARN_BOOL_CONVERSION = YES;
				CLANG_WARN_COMMA = YES;
				CLANG_WARN_CONSTANT_CONVERSION = YES;
				CLANG_WARN_DEPRECATED_OBJC_IMPLEMENTATIONS = YES;
				CLANG_WARN_DIRECT_OBJC_ISA_USAGE = YES_ERROR;
				CLANG_WARN_DOCUMENTATION_COMMENTS = YES;
				CLANG_WARN_EMPTY_BODY = YES;
				CLANG_WARN_ENUM_CONVERSION = YES;
				CLANG_WARN_INFINITE_RECURSION = YES;
				CLANG_WARN_INT_CONVERSION = YES;
				CLANG_WARN_NON_LITERAL_NULL_CONVERSION = YES;
				CLANG_WARN_OBJC_IMPLICIT_RETAIN_SELF = YES;
				CLANG_WARN_OBJC_LITERAL_CONVERSION = YES;
				CLANG_WARN_OBJC_ROOT_CLASS = YES_ERROR;
				CLANG_WARN_QUOTED_INCLUDE_IN_FRAMEWORK_HEADER = YES;
				CLANG_WARN_RANGE_LOOP_ANALYSIS = YES;
				CLANG_WARN_STRICT_PROTOTYPES = YES;
				CLANG_WARN_SUSPICIOUS_MOVE = YES;
				CLANG_WARN_UNGUARDED_AVAILABILITY = YES_AGGRESSIVE;
				CLANG_WARN_UNREACHABLE_CODE = YES;
				CLANG_WARN__DUPLICATE_METHOD_MATCH = YES;
				COPY_PHASE_STRIP = NO;
				DEBUG_INFORMATION_FORMAT = "dwarf-with-dsym";
				ENABLE_NS_ASSERTIONS = NO;
				ENABLE_STRICT_OBJC_MSGSEND = YES;
				GCC_C_LANGUAGE_STANDARD = gnu11;
				GCC_NO_COMMON_BLOCKS = YES;
				GCC_WARN_64_TO_32_BIT_CONVERSION = YES;
				GCC_WARN_ABOUT_RETURN_TYPE = YES_ERROR;
				GCC_WARN_UNDECLARED_SELECTOR = YES;
				GCC_WARN_UNINITIALIZED_AUTOS = YES_AGGRESSIVE;
				GCC_WARN_UNUSED_FUNCTION = YES;
				GCC_WARN_UNUSED_VARIABLE = YES;
				IPHONEOS_DEPLOYMENT_TARGET = 16.4;
				MTL_ENABLE_DEBUG_INFO = NO;
				MTL_FAST_MATH = YES;
				SDKROOT = iphoneos;
				SWIFT_COMPILATION_MODE = wholemodule;
				SWIFT_OPTIMIZATION_LEVEL = "-O";
				VALIDATE_PRODUCT = YES;
			};
			name = Release;
		};
		2C6C24082A34AEFE002B107C /* Debug */ = {
			isa = XCBuildConfiguration;
			buildSettings = {
				ASSETCATALOG_COMPILER_APPICON_NAME = AppIcon;
				ASSETCATALOG_COMPILER_GLOBAL_ACCENT_COLOR_NAME = AccentColor;
				CODE_SIGN_STYLE = Automatic;
				CURRENT_PROJECT_VERSION = 1;
				DEVELOPMENT_TEAM = B66N983M7Q;
				GENERATE_INFOPLIST_FILE = YES;
				INFOPLIST_FILE = TodoLost/Info.plist;
				INFOPLIST_KEY_UIApplicationSupportsIndirectInputEvents = YES;
				INFOPLIST_KEY_UILaunchStoryboardName = LaunchScreen;
				INFOPLIST_KEY_UIMainStoryboardFile = "";
				INFOPLIST_KEY_UISupportedInterfaceOrientations_iPad = "UIInterfaceOrientationPortrait UIInterfaceOrientationPortraitUpsideDown UIInterfaceOrientationLandscapeLeft UIInterfaceOrientationLandscapeRight";
				INFOPLIST_KEY_UISupportedInterfaceOrientations_iPhone = "UIInterfaceOrientationPortrait UIInterfaceOrientationLandscapeLeft UIInterfaceOrientationLandscapeRight";
				LD_RUNPATH_SEARCH_PATHS = (
					"$(inherited)",
					"@executable_path/Frameworks",
				);
				MARKETING_VERSION = 1.0;
				PRODUCT_BUNDLE_IDENTIFIER = ru.zyfunphoto.TodoLost;
				PRODUCT_NAME = "$(TARGET_NAME)";
				SWIFT_EMIT_LOC_STRINGS = YES;
				SWIFT_VERSION = 5.0;
				TARGETED_DEVICE_FAMILY = "1,2";
			};
			name = Debug;
		};
		2C6C24092A34AEFE002B107C /* Release */ = {
			isa = XCBuildConfiguration;
			buildSettings = {
				ASSETCATALOG_COMPILER_APPICON_NAME = AppIcon;
				ASSETCATALOG_COMPILER_GLOBAL_ACCENT_COLOR_NAME = AccentColor;
				CODE_SIGN_STYLE = Automatic;
				CURRENT_PROJECT_VERSION = 1;
				DEVELOPMENT_TEAM = B66N983M7Q;
				GENERATE_INFOPLIST_FILE = YES;
				INFOPLIST_FILE = TodoLost/Info.plist;
				INFOPLIST_KEY_UIApplicationSupportsIndirectInputEvents = YES;
				INFOPLIST_KEY_UILaunchStoryboardName = LaunchScreen;
				INFOPLIST_KEY_UIMainStoryboardFile = "";
				INFOPLIST_KEY_UISupportedInterfaceOrientations_iPad = "UIInterfaceOrientationPortrait UIInterfaceOrientationPortraitUpsideDown UIInterfaceOrientationLandscapeLeft UIInterfaceOrientationLandscapeRight";
				INFOPLIST_KEY_UISupportedInterfaceOrientations_iPhone = "UIInterfaceOrientationPortrait UIInterfaceOrientationLandscapeLeft UIInterfaceOrientationLandscapeRight";
				LD_RUNPATH_SEARCH_PATHS = (
					"$(inherited)",
					"@executable_path/Frameworks",
				);
				MARKETING_VERSION = 1.0;
				PRODUCT_BUNDLE_IDENTIFIER = ru.zyfunphoto.TodoLost;
				PRODUCT_NAME = "$(TARGET_NAME)";
				SWIFT_EMIT_LOC_STRINGS = YES;
				SWIFT_VERSION = 5.0;
				TARGETED_DEVICE_FAMILY = "1,2";
			};
			name = Release;
		};
		2C6C240B2A34AEFE002B107C /* Debug */ = {
			isa = XCBuildConfiguration;
			buildSettings = {
				ALWAYS_EMBED_SWIFT_STANDARD_LIBRARIES = YES;
				BUNDLE_LOADER = "$(TEST_HOST)";
				CODE_SIGN_STYLE = Automatic;
				CURRENT_PROJECT_VERSION = 1;
				DEVELOPMENT_TEAM = "";
				GENERATE_INFOPLIST_FILE = YES;
				IPHONEOS_DEPLOYMENT_TARGET = 16.4;
				MARKETING_VERSION = 1.0;
				PRODUCT_BUNDLE_IDENTIFIER = ru.zyfunphoto.TodoLostTests;
				PRODUCT_NAME = "$(TARGET_NAME)";
				SWIFT_EMIT_LOC_STRINGS = NO;
				SWIFT_VERSION = 5.0;
				TARGETED_DEVICE_FAMILY = "1,2";
				TEST_HOST = "$(BUILT_PRODUCTS_DIR)/TodoLost.app/$(BUNDLE_EXECUTABLE_FOLDER_PATH)/TodoLost";
			};
			name = Debug;
		};
		2C6C240C2A34AEFE002B107C /* Release */ = {
			isa = XCBuildConfiguration;
			buildSettings = {
				ALWAYS_EMBED_SWIFT_STANDARD_LIBRARIES = YES;
				BUNDLE_LOADER = "$(TEST_HOST)";
				CODE_SIGN_STYLE = Automatic;
				CURRENT_PROJECT_VERSION = 1;
				DEVELOPMENT_TEAM = "";
				GENERATE_INFOPLIST_FILE = YES;
				IPHONEOS_DEPLOYMENT_TARGET = 16.4;
				MARKETING_VERSION = 1.0;
				PRODUCT_BUNDLE_IDENTIFIER = ru.zyfunphoto.TodoLostTests;
				PRODUCT_NAME = "$(TARGET_NAME)";
				SWIFT_EMIT_LOC_STRINGS = NO;
				SWIFT_VERSION = 5.0;
				TARGETED_DEVICE_FAMILY = "1,2";
				TEST_HOST = "$(BUILT_PRODUCTS_DIR)/TodoLost.app/$(BUNDLE_EXECUTABLE_FOLDER_PATH)/TodoLost";
			};
			name = Release;
		};
		2C6C240E2A34AEFE002B107C /* Debug */ = {
			isa = XCBuildConfiguration;
			buildSettings = {
				ALWAYS_EMBED_SWIFT_STANDARD_LIBRARIES = YES;
				CODE_SIGN_STYLE = Automatic;
				CURRENT_PROJECT_VERSION = 1;
				DEVELOPMENT_TEAM = "";
				GENERATE_INFOPLIST_FILE = YES;
				MARKETING_VERSION = 1.0;
				PRODUCT_BUNDLE_IDENTIFIER = ru.zyfunphoto.TodoLostUITests;
				PRODUCT_NAME = "$(TARGET_NAME)";
				SWIFT_EMIT_LOC_STRINGS = NO;
				SWIFT_VERSION = 5.0;
				TARGETED_DEVICE_FAMILY = "1,2";
				TEST_TARGET_NAME = TodoLost;
			};
			name = Debug;
		};
		2C6C240F2A34AEFE002B107C /* Release */ = {
			isa = XCBuildConfiguration;
			buildSettings = {
				ALWAYS_EMBED_SWIFT_STANDARD_LIBRARIES = YES;
				CODE_SIGN_STYLE = Automatic;
				CURRENT_PROJECT_VERSION = 1;
				DEVELOPMENT_TEAM = "";
				GENERATE_INFOPLIST_FILE = YES;
				MARKETING_VERSION = 1.0;
				PRODUCT_BUNDLE_IDENTIFIER = ru.zyfunphoto.TodoLostUITests;
				PRODUCT_NAME = "$(TARGET_NAME)";
				SWIFT_EMIT_LOC_STRINGS = NO;
				SWIFT_VERSION = 5.0;
				TARGETED_DEVICE_FAMILY = "1,2";
				TEST_TARGET_NAME = TodoLost;
			};
			name = Release;
		};
/* End XCBuildConfiguration section */

/* Begin XCConfigurationList section */
		2C6C23D82A34AEFB002B107C /* Build configuration list for PBXProject "TodoLost" */ = {
			isa = XCConfigurationList;
			buildConfigurations = (
				2C6C24052A34AEFE002B107C /* Debug */,
				2C6C24062A34AEFE002B107C /* Release */,
			);
			defaultConfigurationIsVisible = 0;
			defaultConfigurationName = Release;
		};
		2C6C24072A34AEFE002B107C /* Build configuration list for PBXNativeTarget "TodoLost" */ = {
			isa = XCConfigurationList;
			buildConfigurations = (
				2C6C24082A34AEFE002B107C /* Debug */,
				2C6C24092A34AEFE002B107C /* Release */,
			);
			defaultConfigurationIsVisible = 0;
			defaultConfigurationName = Release;
		};
		2C6C240A2A34AEFE002B107C /* Build configuration list for PBXNativeTarget "TodoLostTests" */ = {
			isa = XCConfigurationList;
			buildConfigurations = (
				2C6C240B2A34AEFE002B107C /* Debug */,
				2C6C240C2A34AEFE002B107C /* Release */,
			);
			defaultConfigurationIsVisible = 0;
			defaultConfigurationName = Release;
		};
		2C6C240D2A34AEFE002B107C /* Build configuration list for PBXNativeTarget "TodoLostUITests" */ = {
			isa = XCConfigurationList;
			buildConfigurations = (
				2C6C240E2A34AEFE002B107C /* Debug */,
				2C6C240F2A34AEFE002B107C /* Release */,
			);
			defaultConfigurationIsVisible = 0;
			defaultConfigurationName = Release;
		};
/* End XCConfigurationList section */

/* Begin XCRemoteSwiftPackageReference section */
		2C3614AB2A44E85D00C6C9BC /* XCRemoteSwiftPackageReference "DTLogger" */ = {
			isa = XCRemoteSwiftPackageReference;
			repositoryURL = "https://github.com/ZyFun/DTLogger.git";
			requirement = {
				kind = exactVersion;
				version = 1.0.0;
			};
		};
/* End XCRemoteSwiftPackageReference section */

/* Begin XCSwiftPackageProductDependency section */
		2C3614AC2A44E85D00C6C9BC /* DTLogger */ = {
			isa = XCSwiftPackageProductDependency;
			package = 2C3614AB2A44E85D00C6C9BC /* XCRemoteSwiftPackageReference "DTLogger" */;
			productName = DTLogger;
		};
/* End XCSwiftPackageProductDependency section */
	};
	rootObject = 2C6C23D52A34AEFB002B107C /* Project object */;
}
