// !$*UTF8*$!
{
	archiveVersion = 1;
	classes = {
	};
	objectVersion = 56;
	objects = {

/* Begin PBXBuildFile section */
		2C07DC5A2A5809C000170E76 /* URLSession+.swift in Sources */ = {isa = PBXBuildFile; fileRef = 2C07DC592A5809C000170E76 /* URLSession+.swift */; };
		2C1603F02A5458EB00FE6CE8 /* NetworkManager.swift in Sources */ = {isa = PBXBuildFile; fileRef = 2C1603EF2A5458EB00FE6CE8 /* NetworkManager.swift */; };
		2C2016302A4EDC89004EB2A7 /* CocoaLumberjackSwift in Frameworks */ = {isa = PBXBuildFile; productRef = 2C20162F2A4EDC89004EB2A7 /* CocoaLumberjackSwift */; };
		2C2016322A4EDC89004EB2A7 /* CocoaLumberjackSwiftLogBackend in Frameworks */ = {isa = PBXBuildFile; productRef = 2C2016312A4EDC89004EB2A7 /* CocoaLumberjackSwiftLogBackend */; };
		2C2016342A4EF00A004EB2A7 /* LumberjackLogger.swift in Sources */ = {isa = PBXBuildFile; fileRef = 2C2016332A4EF00A004EB2A7 /* LumberjackLogger.swift */; };
		2C21E4842A41CFE800DAE09A /* Date+DateFormatter.swift in Sources */ = {isa = PBXBuildFile; fileRef = 2C21E4832A41CFE800DAE09A /* Date+DateFormatter.swift */; };
		2C29D4702A61F60C009965F0 /* TodoListSUI.swift in Sources */ = {isa = PBXBuildFile; fileRef = 2CD4EDBA2A61F4BC00ED0CFB /* TodoListSUI.swift */; };
		2C2CD9F82A5992DE00CC2A3D /* SQLiteStorage.swift in Sources */ = {isa = PBXBuildFile; fileRef = 2C2CD9F72A5992DE00CC2A3D /* SQLiteStorage.swift */; };
		2C2CD9FB2A59A6C500CC2A3D /* SQLite in Frameworks */ = {isa = PBXBuildFile; productRef = 2C2CD9FA2A59A6C500CC2A3D /* SQLite */; };
		2C2CFCA32A3F9DD400B80728 /* Color.swift in Sources */ = {isa = PBXBuildFile; fileRef = 2C2CFCA22A3F9DD400B80728 /* Color.swift */; };
		2C3055782A4C742F001C3E5D /* DTLogger in Frameworks */ = {isa = PBXBuildFile; productRef = 2C3055772A4C742F001C3E5D /* DTLogger */; };
		2C30557E2A4C8646001C3E5D /* SplashScreenViewController.xib in Resources */ = {isa = PBXBuildFile; fileRef = 2C30557A2A4C8646001C3E5D /* SplashScreenViewController.xib */; };
		2C30557F2A4C8646001C3E5D /* SplashScreenAnimator.swift in Sources */ = {isa = PBXBuildFile; fileRef = 2C30557B2A4C8646001C3E5D /* SplashScreenAnimator.swift */; };
		2C3055802A4C8646001C3E5D /* SplashScreenPresenter.swift in Sources */ = {isa = PBXBuildFile; fileRef = 2C30557C2A4C8646001C3E5D /* SplashScreenPresenter.swift */; };
		2C3055812A4C8646001C3E5D /* SplashScreenViewController.swift in Sources */ = {isa = PBXBuildFile; fileRef = 2C30557D2A4C8646001C3E5D /* SplashScreenViewController.swift */; };
		2C31EDF12A3A17C000855D45 /* TodoItems.csv in Resources */ = {isa = PBXBuildFile; fileRef = 2C24B3FA2A378AA2004C5816 /* TodoItems.csv */; };
		2C31EDF22A3A17C500855D45 /* TodoItems.json in Resources */ = {isa = PBXBuildFile; fileRef = 2C3458082A35A9DF00B5FA6A /* TodoItems.json */; };
		2C3614A92A44600100C6C9BC /* NotificationKeyboardObserver.swift in Sources */ = {isa = PBXBuildFile; fileRef = 2C3614A82A44600100C6C9BC /* NotificationKeyboardObserver.swift */; };
		2C451A532A35E03100135FF8 /* TodoItemTests.swift in Sources */ = {isa = PBXBuildFile; fileRef = 2C451A522A35E03100135FF8 /* TodoItemTests.swift */; };
		2C507E9C2A48A4BB005F8B4A /* TaskListViewController.swift in Sources */ = {isa = PBXBuildFile; fileRef = 2C507E9B2A48A4BB005F8B4A /* TaskListViewController.swift */; };
		2C507E9F2A48A4F0005F8B4A /* TaskListPresenter.swift in Sources */ = {isa = PBXBuildFile; fileRef = 2C507E9E2A48A4F0005F8B4A /* TaskListPresenter.swift */; };
		2C507EA12A48A511005F8B4A /* TaskListConfigurator.swift in Sources */ = {isa = PBXBuildFile; fileRef = 2C507EA02A48A511005F8B4A /* TaskListConfigurator.swift */; };
		2C507EA32A48A532005F8B4A /* TaskListRouter.swift in Sources */ = {isa = PBXBuildFile; fileRef = 2C507EA22A48A532005F8B4A /* TaskListRouter.swift */; };
		2C507EA62A48AB4B005F8B4A /* TaskListDataSourceProvider.swift in Sources */ = {isa = PBXBuildFile; fileRef = 2C507EA52A48AB4B005F8B4A /* TaskListDataSourceProvider.swift */; };
		2C507EA82A48ABF5005F8B4A /* TaskViewModel.swift in Sources */ = {isa = PBXBuildFile; fileRef = 2C507EA72A48ABF5005F8B4A /* TaskViewModel.swift */; };
		2C507EAB2A48AE3D005F8B4A /* TaskCell.swift in Sources */ = {isa = PBXBuildFile; fileRef = 2C507EAA2A48AE3D005F8B4A /* TaskCell.swift */; };
		2C507EAE2A48AE8E005F8B4A /* IdentifableCell.swift in Sources */ = {isa = PBXBuildFile; fileRef = 2C507EAD2A48AE8E005F8B4A /* IdentifableCell.swift */; };
		2C60CFC02A574A0000F5D778 /* HalfRingActivityIndicator.swift in Sources */ = {isa = PBXBuildFile; fileRef = 2C60CFBF2A574A0000F5D778 /* HalfRingActivityIndicator.swift */; };
		2C633F5E2A3F59DD00BD2F29 /* TaskDetailViewController.swift in Sources */ = {isa = PBXBuildFile; fileRef = 2C633F5D2A3F59DD00BD2F29 /* TaskDetailViewController.swift */; };
		2C633F602A3F5A2700BD2F29 /* TaskDetailPresenter.swift in Sources */ = {isa = PBXBuildFile; fileRef = 2C633F5F2A3F5A2700BD2F29 /* TaskDetailPresenter.swift */; };
		2C633F622A3F5A8000BD2F29 /* TaskDetailConfigurator.swift in Sources */ = {isa = PBXBuildFile; fileRef = 2C633F612A3F5A8000BD2F29 /* TaskDetailConfigurator.swift */; };
		2C633F832A3F7A2900BD2F29 /* PresentationAssembly.swift in Sources */ = {isa = PBXBuildFile; fileRef = 2C633F822A3F7A2900BD2F29 /* PresentationAssembly.swift */; };
		2C64362B2A4E0F9600E08C4D /* AddCell.swift in Sources */ = {isa = PBXBuildFile; fileRef = 2C64362A2A4E0F9600E08C4D /* AddCell.swift */; };
		2C6C23E12A34AEFC002B107C /* AppDelegate.swift in Sources */ = {isa = PBXBuildFile; fileRef = 2C6C23E02A34AEFC002B107C /* AppDelegate.swift */; };
		2C6C23EA2A34AEFD002B107C /* Assets.xcassets in Resources */ = {isa = PBXBuildFile; fileRef = 2C6C23E92A34AEFD002B107C /* Assets.xcassets */; };
		2C6C23ED2A34AEFD002B107C /* LaunchScreen.storyboard in Resources */ = {isa = PBXBuildFile; fileRef = 2C6C23EB2A34AEFD002B107C /* LaunchScreen.storyboard */; };
		2C6C24022A34AEFE002B107C /* TodoLostUITests.swift in Sources */ = {isa = PBXBuildFile; fileRef = 2C6C24012A34AEFE002B107C /* TodoLostUITests.swift */; };
		2C6C24042A34AEFE002B107C /* TodoLostUITestsLaunchTests.swift in Sources */ = {isa = PBXBuildFile; fileRef = 2C6C24032A34AEFE002B107C /* TodoLostUITestsLaunchTests.swift */; };
		2C6C24132A34AFAC002B107C /* TodoItem.swift in Sources */ = {isa = PBXBuildFile; fileRef = 2C6C24122A34AFAC002B107C /* TodoItem.swift */; };
		2C740FDA2A40B10E00884C79 /* Icons.swift in Sources */ = {isa = PBXBuildFile; fileRef = 2C740FD92A40B10E00884C79 /* Icons.swift */; };
		2C740FDC2A40B7DC00884C79 /* Fonts.swift in Sources */ = {isa = PBXBuildFile; fileRef = 2C740FDB2A40B7DC00884C79 /* Fonts.swift */; };
		2C8049952A513EDA00F60FB0 /* URLProvider.swift in Sources */ = {isa = PBXBuildFile; fileRef = 2C8049942A513EDA00F60FB0 /* URLProvider.swift */; };
		2C8049972A513F2F00F60FB0 /* NetworkError.swift in Sources */ = {isa = PBXBuildFile; fileRef = 2C8049962A513F2F00F60FB0 /* NetworkError.swift */; };
		2C80499A2A513F8200F60FB0 /* JSONParser.swift in Sources */ = {isa = PBXBuildFile; fileRef = 2C8049992A513F8200F60FB0 /* JSONParser.swift */; };
		2C80499C2A513FAE00F60FB0 /* RequestService.swift in Sources */ = {isa = PBXBuildFile; fileRef = 2C80499B2A513FAE00F60FB0 /* RequestService.swift */; };
		2C80499E2A513FDC00F60FB0 /* RequestFactory.swift in Sources */ = {isa = PBXBuildFile; fileRef = 2C80499D2A513FDC00F60FB0 /* RequestFactory.swift */; };
		2C8049A02A51406700F60FB0 /* TodoListModel.swift in Sources */ = {isa = PBXBuildFile; fileRef = 2C80499F2A51406700F60FB0 /* TodoListModel.swift */; };
		2C8049A32A516A4000F60FB0 /* ConfigurationEnvironment.swift in Sources */ = {isa = PBXBuildFile; fileRef = 2C8049A22A516A4000F60FB0 /* ConfigurationEnvironment.swift */; };
		2C8049AB2A51CAA700F60FB0 /* TodoListGetRequest.swift in Sources */ = {isa = PBXBuildFile; fileRef = 2C8049AA2A51CAA700F60FB0 /* TodoListGetRequest.swift */; };
		2C8049AD2A51CAEA00F60FB0 /* TodoItemPostRequest.swift in Sources */ = {isa = PBXBuildFile; fileRef = 2C8049AC2A51CAEA00F60FB0 /* TodoItemPostRequest.swift */; };
		2C8049AF2A51CB2B00F60FB0 /* Headers.swift in Sources */ = {isa = PBXBuildFile; fileRef = 2C8049AE2A51CB2B00F60FB0 /* Headers.swift */; };
		2C8049B12A51CB5C00F60FB0 /* Methods.swift in Sources */ = {isa = PBXBuildFile; fileRef = 2C8049B02A51CB5C00F60FB0 /* Methods.swift */; };
		2C9B8B252A37295000CC591A /* FileCache.swift in Sources */ = {isa = PBXBuildFile; fileRef = 2C9B8B242A37295000CC591A /* FileCache.swift */; };
		2C9B8B282A37336400CC591A /* FileCacheTests.swift in Sources */ = {isa = PBXBuildFile; fileRef = 2C9B8B272A37336400CC591A /* FileCacheTests.swift */; };
		2C9F840D2A459B7A00A2F1FD /* ColorPickerViewController.swift in Sources */ = {isa = PBXBuildFile; fileRef = 2C9F840C2A459B7A00A2F1FD /* ColorPickerViewController.swift */; };
		2C9F840F2A459BB900A2F1FD /* ColorPickerPresenter.swift in Sources */ = {isa = PBXBuildFile; fileRef = 2C9F840E2A459BB900A2F1FD /* ColorPickerPresenter.swift */; };
		2C9F84112A459BD600A2F1FD /* ColorPickerConfigurator.swift in Sources */ = {isa = PBXBuildFile; fileRef = 2C9F84102A459BD600A2F1FD /* ColorPickerConfigurator.swift */; };
		2C9F84132A459D2500A2F1FD /* TaskDetailRouter.swift in Sources */ = {isa = PBXBuildFile; fileRef = 2C9F84122A459D2500A2F1FD /* TaskDetailRouter.swift */; };
		2C9F84192A45BC2B00A2F1FD /* UIColor+HexFormatter.swift in Sources */ = {isa = PBXBuildFile; fileRef = 2C9F84182A45BC2B00A2F1FD /* UIColor+HexFormatter.swift */; };
		2C9F841B2A45E9F100A2F1FD /* UIColor+Hex.swift in Sources */ = {isa = PBXBuildFile; fileRef = 2C9F841A2A45E9F100A2F1FD /* UIColor+Hex.swift */; };
		2CA3BB122A62D005006D56BA /* TodoListViewModelSUI.swift in Sources */ = {isa = PBXBuildFile; fileRef = 2CA3BB112A62D005006D56BA /* TodoListViewModelSUI.swift */; };
		2CA3BB132A62D03E006D56BA /* TodoListViewModelSUI.swift in Sources */ = {isa = PBXBuildFile; fileRef = 2CA3BB112A62D005006D56BA /* TodoListViewModelSUI.swift */; };
		2CA3BB182A62DA77006D56BA /* TaskListCellSUI.swift in Sources */ = {isa = PBXBuildFile; fileRef = 2CA3BB172A62DA77006D56BA /* TaskListCellSUI.swift */; };
		2CA3BB192A62DAB0006D56BA /* TaskListCellSUI.swift in Sources */ = {isa = PBXBuildFile; fileRef = 2CA3BB172A62DA77006D56BA /* TaskListCellSUI.swift */; };
		2CA3BB1B2A62DC4F006D56BA /* TaskDetauilSUI.swift in Sources */ = {isa = PBXBuildFile; fileRef = 2CA3BB1A2A62DC4F006D56BA /* TaskDetauilSUI.swift */; };
		2CA3BB1C2A62DD3D006D56BA /* TaskDetauilSUI.swift in Sources */ = {isa = PBXBuildFile; fileRef = 2CA3BB1A2A62DC4F006D56BA /* TaskDetauilSUI.swift */; };
		2CA3BB1E2A62E943006D56BA /* AddCellSUI.swift in Sources */ = {isa = PBXBuildFile; fileRef = 2CA3BB1D2A62E943006D56BA /* AddCellSUI.swift */; };
		2CA3BB1F2A62E94B006D56BA /* AddCellSUI.swift in Sources */ = {isa = PBXBuildFile; fileRef = 2CA3BB1D2A62E943006D56BA /* AddCellSUI.swift */; };
		2CAC791E2A4AF8EB00A02382 /* TaskListHeaderTableView.swift in Sources */ = {isa = PBXBuildFile; fileRef = 2CAC791D2A4AF8EB00A02382 /* TaskListHeaderTableView.swift */; };
		2CD382DD2A4326A000C82343 /* ServiceAssembly.swift in Sources */ = {isa = PBXBuildFile; fileRef = 2CD382DC2A4326A000C82343 /* ServiceAssembly.swift */; };
		2CD382DF2A43283100C82343 /* TaskDetailViewModel.swift in Sources */ = {isa = PBXBuildFile; fileRef = 2CD382DE2A43283100C82343 /* TaskDetailViewModel.swift */; };
		2CD382E02A432B6400C82343 /* TodoItems.json in Resources */ = {isa = PBXBuildFile; fileRef = 2C3458082A35A9DF00B5FA6A /* TodoItems.json */; };
		2CD4EDB92A61F4BC00ED0CFB /* TodoLostSwiftUIApp.swift in Sources */ = {isa = PBXBuildFile; fileRef = 2CD4EDB82A61F4BC00ED0CFB /* TodoLostSwiftUIApp.swift */; };
		2CD4EDBB2A61F4BC00ED0CFB /* TodoListSUI.swift in Sources */ = {isa = PBXBuildFile; fileRef = 2CD4EDBA2A61F4BC00ED0CFB /* TodoListSUI.swift */; };
		2CD4EDBD2A61F4BD00ED0CFB /* Assets.xcassets in Resources */ = {isa = PBXBuildFile; fileRef = 2CD4EDBC2A61F4BD00ED0CFB /* Assets.xcassets */; };
		2CD4EDC02A61F4BD00ED0CFB /* Preview Assets.xcassets in Resources */ = {isa = PBXBuildFile; fileRef = 2CD4EDBF2A61F4BD00ED0CFB /* Preview Assets.xcassets */; };
		2CE19BCB2A52BAE100674392 /* TodoItemDeleteRequest.swift in Sources */ = {isa = PBXBuildFile; fileRef = 2CE19BCA2A52BAE100674392 /* TodoItemDeleteRequest.swift */; };
		2CE19BCD2A52F43A00674392 /* TodoItemGetRequest.swift in Sources */ = {isa = PBXBuildFile; fileRef = 2CE19BCC2A52F43A00674392 /* TodoItemGetRequest.swift */; };
		2CE19BCF2A52F9F400674392 /* TodoItemPutRequest.swift in Sources */ = {isa = PBXBuildFile; fileRef = 2CE19BCE2A52F9F400674392 /* TodoItemPutRequest.swift */; };
		2CE19BD12A53046800674392 /* TodoListPatchRequest.swift in Sources */ = {isa = PBXBuildFile; fileRef = 2CE19BD02A53046800674392 /* TodoListPatchRequest.swift */; };
		2CE2692D2A4F3620000F90A7 /* ColorWheel in Frameworks */ = {isa = PBXBuildFile; productRef = 2CE2692C2A4F3620000F90A7 /* ColorWheel */; };
		2CE7558B2A5BCDAE00978908 /* CoreDataStorage.swift in Sources */ = {isa = PBXBuildFile; fileRef = 2CE7558A2A5BCDAE00978908 /* CoreDataStorage.swift */; };
		2CE7558E2A5BCDEC00978908 /* TodoItem.xcdatamodeld in Sources */ = {isa = PBXBuildFile; fileRef = 2CE7558C2A5BCDEC00978908 /* TodoItem.xcdatamodeld */; };
		2CF941AA2A4D63A300555DB5 /* TransitionAnimationVC.swift in Sources */ = {isa = PBXBuildFile; fileRef = 2CF941A92A4D63A300555DB5 /* TransitionAnimationVC.swift */; };
		2DE6A19C38A6190E438784C4 /* Pods_TodoLostTests.framework in Frameworks */ = {isa = PBXBuildFile; fileRef = 35E1CEC2918624B4F8EEFB98 /* Pods_TodoLostTests.framework */; };
		2F3A27C741EE878CCCCAD38D /* Pods_TodoLost.framework in Frameworks */ = {isa = PBXBuildFile; fileRef = 4225ABD829F27BF5A949EDA2 /* Pods_TodoLost.framework */; };
		8831BD740D49570ACE000BE8 /* Pods_TodoLost_TodoLostUITests.framework in Frameworks */ = {isa = PBXBuildFile; fileRef = 6AFA432C41AE451785C99E47 /* Pods_TodoLost_TodoLostUITests.framework */; };
/* End PBXBuildFile section */

/* Begin PBXContainerItemProxy section */
		2C6C23F42A34AEFD002B107C /* PBXContainerItemProxy */ = {
			isa = PBXContainerItemProxy;
			containerPortal = 2C6C23D52A34AEFB002B107C /* Project object */;
			proxyType = 1;
			remoteGlobalIDString = 2C6C23DC2A34AEFB002B107C;
			remoteInfo = TodoLost;
		};
		2C6C23FE2A34AEFE002B107C /* PBXContainerItemProxy */ = {
			isa = PBXContainerItemProxy;
			containerPortal = 2C6C23D52A34AEFB002B107C /* Project object */;
			proxyType = 1;
			remoteGlobalIDString = 2C6C23DC2A34AEFB002B107C;
			remoteInfo = TodoLost;
		};
/* End PBXContainerItemProxy section */

/* Begin PBXFileReference section */
		1FAFD59BFF832BC9F03568DB /* Pods-TodoLostTests.release.xcconfig */ = {isa = PBXFileReference; includeInIndex = 1; lastKnownFileType = text.xcconfig; name = "Pods-TodoLostTests.release.xcconfig"; path = "Target Support Files/Pods-TodoLostTests/Pods-TodoLostTests.release.xcconfig"; sourceTree = "<group>"; };
		2C07DC592A5809C000170E76 /* URLSession+.swift */ = {isa = PBXFileReference; lastKnownFileType = sourcecode.swift; path = "URLSession+.swift"; sourceTree = "<group>"; };
		2C1603EF2A5458EB00FE6CE8 /* NetworkManager.swift */ = {isa = PBXFileReference; lastKnownFileType = sourcecode.swift; path = NetworkManager.swift; sourceTree = "<group>"; };
		2C2016332A4EF00A004EB2A7 /* LumberjackLogger.swift */ = {isa = PBXFileReference; lastKnownFileType = sourcecode.swift; path = LumberjackLogger.swift; sourceTree = "<group>"; };
		2C21E4832A41CFE800DAE09A /* Date+DateFormatter.swift */ = {isa = PBXFileReference; lastKnownFileType = sourcecode.swift; path = "Date+DateFormatter.swift"; sourceTree = "<group>"; };
		2C24B3FA2A378AA2004C5816 /* TodoItems.csv */ = {isa = PBXFileReference; lastKnownFileType = text; path = TodoItems.csv; sourceTree = "<group>"; };
		2C2CD9F72A5992DE00CC2A3D /* SQLiteStorage.swift */ = {isa = PBXFileReference; lastKnownFileType = sourcecode.swift; path = SQLiteStorage.swift; sourceTree = "<group>"; };
		2C2CFCA22A3F9DD400B80728 /* Color.swift */ = {isa = PBXFileReference; lastKnownFileType = sourcecode.swift; path = Color.swift; sourceTree = "<group>"; };
		2C30557A2A4C8646001C3E5D /* SplashScreenViewController.xib */ = {isa = PBXFileReference; fileEncoding = 4; lastKnownFileType = file.xib; path = SplashScreenViewController.xib; sourceTree = "<group>"; };
		2C30557B2A4C8646001C3E5D /* SplashScreenAnimator.swift */ = {isa = PBXFileReference; fileEncoding = 4; lastKnownFileType = sourcecode.swift; path = SplashScreenAnimator.swift; sourceTree = "<group>"; };
		2C30557C2A4C8646001C3E5D /* SplashScreenPresenter.swift */ = {isa = PBXFileReference; fileEncoding = 4; lastKnownFileType = sourcecode.swift; path = SplashScreenPresenter.swift; sourceTree = "<group>"; };
		2C30557D2A4C8646001C3E5D /* SplashScreenViewController.swift */ = {isa = PBXFileReference; fileEncoding = 4; lastKnownFileType = sourcecode.swift; path = SplashScreenViewController.swift; sourceTree = "<group>"; };
		2C3458082A35A9DF00B5FA6A /* TodoItems.json */ = {isa = PBXFileReference; lastKnownFileType = text.json; path = TodoItems.json; sourceTree = "<group>"; };
		2C3614A82A44600100C6C9BC /* NotificationKeyboardObserver.swift */ = {isa = PBXFileReference; lastKnownFileType = sourcecode.swift; path = NotificationKeyboardObserver.swift; sourceTree = "<group>"; };
		2C451A522A35E03100135FF8 /* TodoItemTests.swift */ = {isa = PBXFileReference; lastKnownFileType = sourcecode.swift; path = TodoItemTests.swift; sourceTree = "<group>"; };
		2C507E9B2A48A4BB005F8B4A /* TaskListViewController.swift */ = {isa = PBXFileReference; lastKnownFileType = sourcecode.swift; path = TaskListViewController.swift; sourceTree = "<group>"; };
		2C507E9E2A48A4F0005F8B4A /* TaskListPresenter.swift */ = {isa = PBXFileReference; lastKnownFileType = sourcecode.swift; path = TaskListPresenter.swift; sourceTree = "<group>"; };
		2C507EA02A48A511005F8B4A /* TaskListConfigurator.swift */ = {isa = PBXFileReference; lastKnownFileType = sourcecode.swift; path = TaskListConfigurator.swift; sourceTree = "<group>"; };
		2C507EA22A48A532005F8B4A /* TaskListRouter.swift */ = {isa = PBXFileReference; lastKnownFileType = sourcecode.swift; path = TaskListRouter.swift; sourceTree = "<group>"; };
		2C507EA52A48AB4B005F8B4A /* TaskListDataSourceProvider.swift */ = {isa = PBXFileReference; lastKnownFileType = sourcecode.swift; path = TaskListDataSourceProvider.swift; sourceTree = "<group>"; };
		2C507EA72A48ABF5005F8B4A /* TaskViewModel.swift */ = {isa = PBXFileReference; lastKnownFileType = sourcecode.swift; path = TaskViewModel.swift; sourceTree = "<group>"; };
		2C507EAA2A48AE3D005F8B4A /* TaskCell.swift */ = {isa = PBXFileReference; lastKnownFileType = sourcecode.swift; path = TaskCell.swift; sourceTree = "<group>"; };
		2C507EAD2A48AE8E005F8B4A /* IdentifableCell.swift */ = {isa = PBXFileReference; lastKnownFileType = sourcecode.swift; path = IdentifableCell.swift; sourceTree = "<group>"; };
		2C5C7B9E2A3604A900B7DF19 /* .gitignore */ = {isa = PBXFileReference; lastKnownFileType = text; path = .gitignore; sourceTree = "<group>"; };
		2C60CFBF2A574A0000F5D778 /* HalfRingActivityIndicator.swift */ = {isa = PBXFileReference; lastKnownFileType = sourcecode.swift; path = HalfRingActivityIndicator.swift; sourceTree = "<group>"; };
		2C633F5D2A3F59DD00BD2F29 /* TaskDetailViewController.swift */ = {isa = PBXFileReference; lastKnownFileType = sourcecode.swift; path = TaskDetailViewController.swift; sourceTree = "<group>"; };
		2C633F5F2A3F5A2700BD2F29 /* TaskDetailPresenter.swift */ = {isa = PBXFileReference; lastKnownFileType = sourcecode.swift; path = TaskDetailPresenter.swift; sourceTree = "<group>"; };
		2C633F612A3F5A8000BD2F29 /* TaskDetailConfigurator.swift */ = {isa = PBXFileReference; lastKnownFileType = sourcecode.swift; path = TaskDetailConfigurator.swift; sourceTree = "<group>"; };
		2C633F822A3F7A2900BD2F29 /* PresentationAssembly.swift */ = {isa = PBXFileReference; lastKnownFileType = sourcecode.swift; path = PresentationAssembly.swift; sourceTree = "<group>"; };
		2C64362A2A4E0F9600E08C4D /* AddCell.swift */ = {isa = PBXFileReference; lastKnownFileType = sourcecode.swift; path = AddCell.swift; sourceTree = "<group>"; };
		2C6C23DD2A34AEFC002B107C /* TodoLost.app */ = {isa = PBXFileReference; explicitFileType = wrapper.application; includeInIndex = 0; path = TodoLost.app; sourceTree = BUILT_PRODUCTS_DIR; };
		2C6C23E02A34AEFC002B107C /* AppDelegate.swift */ = {isa = PBXFileReference; lastKnownFileType = sourcecode.swift; path = AppDelegate.swift; sourceTree = "<group>"; };
		2C6C23E92A34AEFD002B107C /* Assets.xcassets */ = {isa = PBXFileReference; lastKnownFileType = folder.assetcatalog; path = Assets.xcassets; sourceTree = "<group>"; };
		2C6C23EC2A34AEFD002B107C /* Base */ = {isa = PBXFileReference; lastKnownFileType = file.storyboard; name = Base; path = Base.lproj/LaunchScreen.storyboard; sourceTree = "<group>"; };
		2C6C23EE2A34AEFD002B107C /* Info.plist */ = {isa = PBXFileReference; lastKnownFileType = text.plist.xml; path = Info.plist; sourceTree = "<group>"; };
		2C6C23F32A34AEFD002B107C /* TodoLostTests.xctest */ = {isa = PBXFileReference; explicitFileType = wrapper.cfbundle; includeInIndex = 0; path = TodoLostTests.xctest; sourceTree = BUILT_PRODUCTS_DIR; };
		2C6C23FD2A34AEFE002B107C /* TodoLostUITests.xctest */ = {isa = PBXFileReference; explicitFileType = wrapper.cfbundle; includeInIndex = 0; path = TodoLostUITests.xctest; sourceTree = BUILT_PRODUCTS_DIR; };
		2C6C24012A34AEFE002B107C /* TodoLostUITests.swift */ = {isa = PBXFileReference; lastKnownFileType = sourcecode.swift; path = TodoLostUITests.swift; sourceTree = "<group>"; };
		2C6C24032A34AEFE002B107C /* TodoLostUITestsLaunchTests.swift */ = {isa = PBXFileReference; lastKnownFileType = sourcecode.swift; path = TodoLostUITestsLaunchTests.swift; sourceTree = "<group>"; };
		2C6C24122A34AFAC002B107C /* TodoItem.swift */ = {isa = PBXFileReference; lastKnownFileType = sourcecode.swift; path = TodoItem.swift; sourceTree = "<group>"; };
		2C740FD92A40B10E00884C79 /* Icons.swift */ = {isa = PBXFileReference; lastKnownFileType = sourcecode.swift; path = Icons.swift; sourceTree = "<group>"; };
		2C740FDB2A40B7DC00884C79 /* Fonts.swift */ = {isa = PBXFileReference; lastKnownFileType = sourcecode.swift; path = Fonts.swift; sourceTree = "<group>"; };
		2C8049942A513EDA00F60FB0 /* URLProvider.swift */ = {isa = PBXFileReference; lastKnownFileType = sourcecode.swift; path = URLProvider.swift; sourceTree = "<group>"; };
		2C8049962A513F2F00F60FB0 /* NetworkError.swift */ = {isa = PBXFileReference; lastKnownFileType = sourcecode.swift; path = NetworkError.swift; sourceTree = "<group>"; };
		2C8049992A513F8200F60FB0 /* JSONParser.swift */ = {isa = PBXFileReference; lastKnownFileType = sourcecode.swift; path = JSONParser.swift; sourceTree = "<group>"; };
		2C80499B2A513FAE00F60FB0 /* RequestService.swift */ = {isa = PBXFileReference; lastKnownFileType = sourcecode.swift; path = RequestService.swift; sourceTree = "<group>"; };
		2C80499D2A513FDC00F60FB0 /* RequestFactory.swift */ = {isa = PBXFileReference; lastKnownFileType = sourcecode.swift; path = RequestFactory.swift; sourceTree = "<group>"; };
		2C80499F2A51406700F60FB0 /* TodoListModel.swift */ = {isa = PBXFileReference; lastKnownFileType = sourcecode.swift; path = TodoListModel.swift; sourceTree = "<group>"; };
		2C8049A12A51695400F60FB0 /* TodoLostConfig.xcconfig */ = {isa = PBXFileReference; lastKnownFileType = text.xcconfig; path = TodoLostConfig.xcconfig; sourceTree = "<group>"; };
		2C8049A22A516A4000F60FB0 /* ConfigurationEnvironment.swift */ = {isa = PBXFileReference; lastKnownFileType = sourcecode.swift; path = ConfigurationEnvironment.swift; sourceTree = "<group>"; };
		2C8049AA2A51CAA700F60FB0 /* TodoListGetRequest.swift */ = {isa = PBXFileReference; lastKnownFileType = sourcecode.swift; path = TodoListGetRequest.swift; sourceTree = "<group>"; };
		2C8049AC2A51CAEA00F60FB0 /* TodoItemPostRequest.swift */ = {isa = PBXFileReference; lastKnownFileType = sourcecode.swift; path = TodoItemPostRequest.swift; sourceTree = "<group>"; };
		2C8049AE2A51CB2B00F60FB0 /* Headers.swift */ = {isa = PBXFileReference; lastKnownFileType = sourcecode.swift; path = Headers.swift; sourceTree = "<group>"; };
		2C8049B02A51CB5C00F60FB0 /* Methods.swift */ = {isa = PBXFileReference; lastKnownFileType = sourcecode.swift; path = Methods.swift; sourceTree = "<group>"; };
		2C9B8B242A37295000CC591A /* FileCache.swift */ = {isa = PBXFileReference; lastKnownFileType = sourcecode.swift; path = FileCache.swift; sourceTree = "<group>"; };
		2C9B8B272A37336400CC591A /* FileCacheTests.swift */ = {isa = PBXFileReference; lastKnownFileType = sourcecode.swift; path = FileCacheTests.swift; sourceTree = "<group>"; };
		2C9F840C2A459B7A00A2F1FD /* ColorPickerViewController.swift */ = {isa = PBXFileReference; lastKnownFileType = sourcecode.swift; path = ColorPickerViewController.swift; sourceTree = "<group>"; };
		2C9F840E2A459BB900A2F1FD /* ColorPickerPresenter.swift */ = {isa = PBXFileReference; lastKnownFileType = sourcecode.swift; path = ColorPickerPresenter.swift; sourceTree = "<group>"; };
		2C9F84102A459BD600A2F1FD /* ColorPickerConfigurator.swift */ = {isa = PBXFileReference; lastKnownFileType = sourcecode.swift; path = ColorPickerConfigurator.swift; sourceTree = "<group>"; };
		2C9F84122A459D2500A2F1FD /* TaskDetailRouter.swift */ = {isa = PBXFileReference; lastKnownFileType = sourcecode.swift; path = TaskDetailRouter.swift; sourceTree = "<group>"; };
		2C9F84182A45BC2B00A2F1FD /* UIColor+HexFormatter.swift */ = {isa = PBXFileReference; lastKnownFileType = sourcecode.swift; path = "UIColor+HexFormatter.swift"; sourceTree = "<group>"; };
		2C9F841A2A45E9F100A2F1FD /* UIColor+Hex.swift */ = {isa = PBXFileReference; lastKnownFileType = sourcecode.swift; path = "UIColor+Hex.swift"; sourceTree = "<group>"; };
		2CA3BB112A62D005006D56BA /* TodoListViewModelSUI.swift */ = {isa = PBXFileReference; lastKnownFileType = sourcecode.swift; path = TodoListViewModelSUI.swift; sourceTree = "<group>"; };
		2CA3BB142A62D29B006D56BA /* ru */ = {isa = PBXFileReference; lastKnownFileType = text.plist.strings; name = ru; path = ru.lproj/LaunchScreen.strings; sourceTree = "<group>"; };
		2CA3BB172A62DA77006D56BA /* TaskListCellSUI.swift */ = {isa = PBXFileReference; lastKnownFileType = sourcecode.swift; path = TaskListCellSUI.swift; sourceTree = "<group>"; };
		2CA3BB1A2A62DC4F006D56BA /* TaskDetauilSUI.swift */ = {isa = PBXFileReference; lastKnownFileType = sourcecode.swift; path = TaskDetauilSUI.swift; sourceTree = "<group>"; };
		2CA3BB1D2A62E943006D56BA /* AddCellSUI.swift */ = {isa = PBXFileReference; lastKnownFileType = sourcecode.swift; path = AddCellSUI.swift; sourceTree = "<group>"; };
		2CAC791D2A4AF8EB00A02382 /* TaskListHeaderTableView.swift */ = {isa = PBXFileReference; lastKnownFileType = sourcecode.swift; path = TaskListHeaderTableView.swift; sourceTree = "<group>"; };
		2CB15C912A36515E0060584F /* TodoLost.xctestplan */ = {isa = PBXFileReference; lastKnownFileType = text; path = TodoLost.xctestplan; sourceTree = "<group>"; };
		2CD382DC2A4326A000C82343 /* ServiceAssembly.swift */ = {isa = PBXFileReference; lastKnownFileType = sourcecode.swift; path = ServiceAssembly.swift; sourceTree = "<group>"; };
		2CD382DE2A43283100C82343 /* TaskDetailViewModel.swift */ = {isa = PBXFileReference; lastKnownFileType = sourcecode.swift; path = TaskDetailViewModel.swift; sourceTree = "<group>"; };
		2CD4EDB62A61F4BC00ED0CFB /* TodoLostSwiftUI.app */ = {isa = PBXFileReference; explicitFileType = wrapper.application; includeInIndex = 0; path = TodoLostSwiftUI.app; sourceTree = BUILT_PRODUCTS_DIR; };
		2CD4EDB82A61F4BC00ED0CFB /* TodoLostSwiftUIApp.swift */ = {isa = PBXFileReference; lastKnownFileType = sourcecode.swift; path = TodoLostSwiftUIApp.swift; sourceTree = "<group>"; };
		2CD4EDBA2A61F4BC00ED0CFB /* TodoListSUI.swift */ = {isa = PBXFileReference; lastKnownFileType = sourcecode.swift; path = TodoListSUI.swift; sourceTree = "<group>"; };
		2CD4EDBC2A61F4BD00ED0CFB /* Assets.xcassets */ = {isa = PBXFileReference; lastKnownFileType = folder.assetcatalog; path = Assets.xcassets; sourceTree = "<group>"; };
		2CD4EDBF2A61F4BD00ED0CFB /* Preview Assets.xcassets */ = {isa = PBXFileReference; lastKnownFileType = folder.assetcatalog; path = "Preview Assets.xcassets"; sourceTree = "<group>"; };
		2CE19BCA2A52BAE100674392 /* TodoItemDeleteRequest.swift */ = {isa = PBXFileReference; lastKnownFileType = sourcecode.swift; path = TodoItemDeleteRequest.swift; sourceTree = "<group>"; };
		2CE19BCC2A52F43A00674392 /* TodoItemGetRequest.swift */ = {isa = PBXFileReference; lastKnownFileType = sourcecode.swift; path = TodoItemGetRequest.swift; sourceTree = "<group>"; };
		2CE19BCE2A52F9F400674392 /* TodoItemPutRequest.swift */ = {isa = PBXFileReference; lastKnownFileType = sourcecode.swift; path = TodoItemPutRequest.swift; sourceTree = "<group>"; };
		2CE19BD02A53046800674392 /* TodoListPatchRequest.swift */ = {isa = PBXFileReference; lastKnownFileType = sourcecode.swift; path = TodoListPatchRequest.swift; sourceTree = "<group>"; };
		2CE7558A2A5BCDAE00978908 /* CoreDataStorage.swift */ = {isa = PBXFileReference; lastKnownFileType = sourcecode.swift; path = CoreDataStorage.swift; sourceTree = "<group>"; };
		2CE7558D2A5BCDEC00978908 /* TodoItem.xcdatamodel */ = {isa = PBXFileReference; lastKnownFileType = wrapper.xcdatamodel; path = TodoItem.xcdatamodel; sourceTree = "<group>"; };
		2CF941A92A4D63A300555DB5 /* TransitionAnimationVC.swift */ = {isa = PBXFileReference; lastKnownFileType = sourcecode.swift; path = TransitionAnimationVC.swift; sourceTree = "<group>"; };
		35E1CEC2918624B4F8EEFB98 /* Pods_TodoLostTests.framework */ = {isa = PBXFileReference; explicitFileType = wrapper.framework; includeInIndex = 0; path = Pods_TodoLostTests.framework; sourceTree = BUILT_PRODUCTS_DIR; };
		4225ABD829F27BF5A949EDA2 /* Pods_TodoLost.framework */ = {isa = PBXFileReference; explicitFileType = wrapper.framework; includeInIndex = 0; path = Pods_TodoLost.framework; sourceTree = BUILT_PRODUCTS_DIR; };
		6AFA432C41AE451785C99E47 /* Pods_TodoLost_TodoLostUITests.framework */ = {isa = PBXFileReference; explicitFileType = wrapper.framework; includeInIndex = 0; path = Pods_TodoLost_TodoLostUITests.framework; sourceTree = BUILT_PRODUCTS_DIR; };
		77188B9A42879EFF9C212284 /* Pods-TodoLostTests.debug.xcconfig */ = {isa = PBXFileReference; includeInIndex = 1; lastKnownFileType = text.xcconfig; name = "Pods-TodoLostTests.debug.xcconfig"; path = "Target Support Files/Pods-TodoLostTests/Pods-TodoLostTests.debug.xcconfig"; sourceTree = "<group>"; };
		9DF1CF3B1036AFF829779BE8 /* Pods-TodoLost-TodoLostUITests.debug.xcconfig */ = {isa = PBXFileReference; includeInIndex = 1; lastKnownFileType = text.xcconfig; name = "Pods-TodoLost-TodoLostUITests.debug.xcconfig"; path = "Target Support Files/Pods-TodoLost-TodoLostUITests/Pods-TodoLost-TodoLostUITests.debug.xcconfig"; sourceTree = "<group>"; };
		D4D4C4BA21FBD4297EC34F7B /* Pods-TodoLost.release.xcconfig */ = {isa = PBXFileReference; includeInIndex = 1; lastKnownFileType = text.xcconfig; name = "Pods-TodoLost.release.xcconfig"; path = "Target Support Files/Pods-TodoLost/Pods-TodoLost.release.xcconfig"; sourceTree = "<group>"; };
		F04FB7AFDBEC0DF7B8AB1599 /* Pods-TodoLost-TodoLostUITests.release.xcconfig */ = {isa = PBXFileReference; includeInIndex = 1; lastKnownFileType = text.xcconfig; name = "Pods-TodoLost-TodoLostUITests.release.xcconfig"; path = "Target Support Files/Pods-TodoLost-TodoLostUITests/Pods-TodoLost-TodoLostUITests.release.xcconfig"; sourceTree = "<group>"; };
		FFC2E598F1EFE838F51EF5AE /* Pods-TodoLost.debug.xcconfig */ = {isa = PBXFileReference; includeInIndex = 1; lastKnownFileType = text.xcconfig; name = "Pods-TodoLost.debug.xcconfig"; path = "Target Support Files/Pods-TodoLost/Pods-TodoLost.debug.xcconfig"; sourceTree = "<group>"; };
/* End PBXFileReference section */

/* Begin PBXFrameworksBuildPhase section */
		2C6C23DA2A34AEFB002B107C /* Frameworks */ = {
			isa = PBXFrameworksBuildPhase;
			buildActionMask = 2147483647;
			files = (
				2C2CD9FB2A59A6C500CC2A3D /* SQLite in Frameworks */,
				2C2016302A4EDC89004EB2A7 /* CocoaLumberjackSwift in Frameworks */,
				2C2016322A4EDC89004EB2A7 /* CocoaLumberjackSwiftLogBackend in Frameworks */,
				2C3055782A4C742F001C3E5D /* DTLogger in Frameworks */,
				2CE2692D2A4F3620000F90A7 /* ColorWheel in Frameworks */,
				2F3A27C741EE878CCCCAD38D /* Pods_TodoLost.framework in Frameworks */,
			);
			runOnlyForDeploymentPostprocessing = 0;
		};
		2C6C23F02A34AEFD002B107C /* Frameworks */ = {
			isa = PBXFrameworksBuildPhase;
			buildActionMask = 2147483647;
			files = (
				2DE6A19C38A6190E438784C4 /* Pods_TodoLostTests.framework in Frameworks */,
			);
			runOnlyForDeploymentPostprocessing = 0;
		};
		2C6C23FA2A34AEFE002B107C /* Frameworks */ = {
			isa = PBXFrameworksBuildPhase;
			buildActionMask = 2147483647;
			files = (
				8831BD740D49570ACE000BE8 /* Pods_TodoLost_TodoLostUITests.framework in Frameworks */,
			);
			runOnlyForDeploymentPostprocessing = 0;
		};
		2CD4EDB32A61F4BC00ED0CFB /* Frameworks */ = {
			isa = PBXFrameworksBuildPhase;
			buildActionMask = 2147483647;
			files = (
			);
			runOnlyForDeploymentPostprocessing = 0;
		};
/* End PBXFrameworksBuildPhase section */

/* Begin PBXGroup section */
		069170973ABBBCFA0453B575 /* Frameworks */ = {
			isa = PBXGroup;
			children = (
				4225ABD829F27BF5A949EDA2 /* Pods_TodoLost.framework */,
				6AFA432C41AE451785C99E47 /* Pods_TodoLost_TodoLostUITests.framework */,
				35E1CEC2918624B4F8EEFB98 /* Pods_TodoLostTests.framework */,
			);
			name = Frameworks;
			sourceTree = "<group>";
		};
		2C1603EE2A5458CE00FE6CE8 /* Managers */ = {
			isa = PBXGroup;
			children = (
				2C1603EF2A5458EB00FE6CE8 /* NetworkManager.swift */,
			);
			path = Managers;
			sourceTree = "<group>";
		};
		2C21E4822A41CFBB00DAE09A /* Extensions */ = {
			isa = PBXGroup;
			children = (
				2C21E4832A41CFE800DAE09A /* Date+DateFormatter.swift */,
				2C9F84182A45BC2B00A2F1FD /* UIColor+HexFormatter.swift */,
				2C9F841A2A45E9F100A2F1FD /* UIColor+Hex.swift */,
				2C07DC592A5809C000170E76 /* URLSession+.swift */,
			);
			path = Extensions;
			sourceTree = "<group>";
		};
		2C2CFCA12A3F9DC100B80728 /* Constants */ = {
			isa = PBXGroup;
			children = (
				2C2CFCA22A3F9DD400B80728 /* Color.swift */,
				2C740FD92A40B10E00884C79 /* Icons.swift */,
				2C740FDB2A40B7DC00884C79 /* Fonts.swift */,
			);
			path = Constants;
			sourceTree = "<group>";
		};
		2C3055792A4C8646001C3E5D /* SplashScreen */ = {
			isa = PBXGroup;
			children = (
				2C30557A2A4C8646001C3E5D /* SplashScreenViewController.xib */,
				2C30557B2A4C8646001C3E5D /* SplashScreenAnimator.swift */,
				2C30557C2A4C8646001C3E5D /* SplashScreenPresenter.swift */,
				2C30557D2A4C8646001C3E5D /* SplashScreenViewController.swift */,
			);
			path = SplashScreen;
			sourceTree = "<group>";
		};
		2C3614AA2A4465C700C6C9BC /* Observers */ = {
			isa = PBXGroup;
			children = (
				2C3614A82A44600100C6C9BC /* NotificationKeyboardObserver.swift */,
			);
			path = Observers;
			sourceTree = "<group>";
		};
		2C451A502A35E00400135FF8 /* Services */ = {
			isa = PBXGroup;
			children = (
				2C451A512A35E01000135FF8 /* Models */,
				2C9B8B262A37334700CC591A /* Storages */,
			);
			path = Services;
			sourceTree = "<group>";
		};
		2C451A512A35E01000135FF8 /* Models */ = {
			isa = PBXGroup;
			children = (
				2C3458082A35A9DF00B5FA6A /* TodoItems.json */,
				2C24B3FA2A378AA2004C5816 /* TodoItems.csv */,
				2C451A522A35E03100135FF8 /* TodoItemTests.swift */,
			);
			path = Models;
			sourceTree = "<group>";
		};
		2C507E9A2A48A49B005F8B4A /* TaskList */ = {
			isa = PBXGroup;
			children = (
				2CF941A82A4D638800555DB5 /* Animations */,
				2CAC791C2A4AF8C300A02382 /* Headers */,
				2C507EA92A48ADEC005F8B4A /* Cells */,
				2C507EA42A48AB13005F8B4A /* Providers */,
				2C507E9B2A48A4BB005F8B4A /* TaskListViewController.swift */,
				2C507E9E2A48A4F0005F8B4A /* TaskListPresenter.swift */,
				2C507EA02A48A511005F8B4A /* TaskListConfigurator.swift */,
				2C507EA22A48A532005F8B4A /* TaskListRouter.swift */,
				2C507EA72A48ABF5005F8B4A /* TaskViewModel.swift */,
			);
			path = TaskList;
			sourceTree = "<group>";
		};
		2C507EA42A48AB13005F8B4A /* Providers */ = {
			isa = PBXGroup;
			children = (
				2C507EA52A48AB4B005F8B4A /* TaskListDataSourceProvider.swift */,
			);
			path = Providers;
			sourceTree = "<group>";
		};
		2C507EA92A48ADEC005F8B4A /* Cells */ = {
			isa = PBXGroup;
			children = (
				2C507EAA2A48AE3D005F8B4A /* TaskCell.swift */,
				2C64362A2A4E0F9600E08C4D /* AddCell.swift */,
			);
			path = Cells;
			sourceTree = "<group>";
		};
		2C507EAC2A48AE69005F8B4A /* Protocols */ = {
			isa = PBXGroup;
			children = (
				2C507EAD2A48AE8E005F8B4A /* IdentifableCell.swift */,
			);
			path = Protocols;
			sourceTree = "<group>";
		};
		2C633F5B2A3F590A00BD2F29 /* PresentationLayer */ = {
			isa = PBXGroup;
			children = (
				2C633F822A3F7A2900BD2F29 /* PresentationAssembly.swift */,
				2C3055792A4C8646001C3E5D /* SplashScreen */,
				2C507E9A2A48A49B005F8B4A /* TaskList */,
				2C633F5C2A3F59A200BD2F29 /* TaskDetail */,
				2C9F840B2A459B4E00A2F1FD /* ColorPicker */,
			);
			path = PresentationLayer;
			sourceTree = "<group>";
		};
		2C633F5C2A3F59A200BD2F29 /* TaskDetail */ = {
			isa = PBXGroup;
			children = (
				2C633F5D2A3F59DD00BD2F29 /* TaskDetailViewController.swift */,
				2C633F5F2A3F5A2700BD2F29 /* TaskDetailPresenter.swift */,
				2C633F612A3F5A8000BD2F29 /* TaskDetailConfigurator.swift */,
				2CD382DE2A43283100C82343 /* TaskDetailViewModel.swift */,
				2C9F84122A459D2500A2F1FD /* TaskDetailRouter.swift */,
			);
			path = TaskDetail;
			sourceTree = "<group>";
		};
		2C633F652A3F5BF900BD2F29 /* Common */ = {
			isa = PBXGroup;
			children = (
				2C507EAC2A48AE69005F8B4A /* Protocols */,
				2C21E4822A41CFBB00DAE09A /* Extensions */,
				2C2CFCA12A3F9DC100B80728 /* Constants */,
				2C8049A22A516A4000F60FB0 /* ConfigurationEnvironment.swift */,
				2C60CFBF2A574A0000F5D778 /* HalfRingActivityIndicator.swift */,
			);
			path = Common;
			sourceTree = "<group>";
		};
		2C633F772A3F680600BD2F29 /* Default */ = {
			isa = PBXGroup;
			children = (
				2C633F782A3F682D00BD2F29 /* Recources */,
				2C6C23E02A34AEFC002B107C /* AppDelegate.swift */,
				2C6C23EB2A34AEFD002B107C /* LaunchScreen.storyboard */,
			);
			path = Default;
			sourceTree = "<group>";
		};
		2C633F782A3F682D00BD2F29 /* Recources */ = {
			isa = PBXGroup;
			children = (
				2C6C23E92A34AEFD002B107C /* Assets.xcassets */,
			);
			path = Recources;
			sourceTree = "<group>";
		};
		2C6C23D42A34AEFB002B107C = {
			isa = PBXGroup;
			children = (
				2CB15C912A36515E0060584F /* TodoLost.xctestplan */,
				2C5C7B9E2A3604A900B7DF19 /* .gitignore */,
				2CD4EDB72A61F4BC00ED0CFB /* TodoLostSwiftUI */,
				2C6C23DF2A34AEFC002B107C /* TodoLost */,
				2C6C23F62A34AEFD002B107C /* TodoLostTests */,
				2C6C24002A34AEFE002B107C /* TodoLostUITests */,
				2C6C23DE2A34AEFC002B107C /* Products */,
				B0D96565586E3433A5F73087 /* Pods */,
				069170973ABBBCFA0453B575 /* Frameworks */,
			);
			sourceTree = "<group>";
		};
		2C6C23DE2A34AEFC002B107C /* Products */ = {
			isa = PBXGroup;
			children = (
				2C6C23DD2A34AEFC002B107C /* TodoLost.app */,
				2C6C23F32A34AEFD002B107C /* TodoLostTests.xctest */,
				2C6C23FD2A34AEFE002B107C /* TodoLostUITests.xctest */,
				2CD4EDB62A61F4BC00ED0CFB /* TodoLostSwiftUI.app */,
			);
			name = Products;
			sourceTree = "<group>";
		};
		2C6C23DF2A34AEFC002B107C /* TodoLost */ = {
			isa = PBXGroup;
			children = (
				2C8049A12A51695400F60FB0 /* TodoLostConfig.xcconfig */,
				2C6C23EE2A34AEFD002B107C /* Info.plist */,
				2C633F772A3F680600BD2F29 /* Default */,
				2C633F652A3F5BF900BD2F29 /* Common */,
				2C6C24102A34AF4A002B107C /* Services */,
				2C1603EE2A5458CE00FE6CE8 /* Managers */,
				2C633F5B2A3F590A00BD2F29 /* PresentationLayer */,
			);
			path = TodoLost;
			sourceTree = "<group>";
		};
		2C6C23F62A34AEFD002B107C /* TodoLostTests */ = {
			isa = PBXGroup;
			children = (
				2C451A502A35E00400135FF8 /* Services */,
			);
			path = TodoLostTests;
			sourceTree = "<group>";
		};
		2C6C24002A34AEFE002B107C /* TodoLostUITests */ = {
			isa = PBXGroup;
			children = (
				2C6C24012A34AEFE002B107C /* TodoLostUITests.swift */,
				2C6C24032A34AEFE002B107C /* TodoLostUITestsLaunchTests.swift */,
			);
			path = TodoLostUITests;
			sourceTree = "<group>";
		};
		2C6C24102A34AF4A002B107C /* Services */ = {
			isa = PBXGroup;
			children = (
				2CD382DC2A4326A000C82343 /* ServiceAssembly.swift */,
				2C2016332A4EF00A004EB2A7 /* LumberjackLogger.swift */,
				2C8049922A513E5200F60FB0 /* NetworkService */,
				2C3614AA2A4465C700C6C9BC /* Observers */,
				2C9B8B232A37292900CC591A /* Storages */,
			);
			path = Services;
			sourceTree = "<group>";
		};
		2C6C24142A34AFFC002B107C /* Models */ = {
			isa = PBXGroup;
			children = (
				2CE7558C2A5BCDEC00978908 /* TodoItem.xcdatamodeld */,
				2C6C24122A34AFAC002B107C /* TodoItem.swift */,
			);
			path = Models;
			sourceTree = "<group>";
		};
		2C8049922A513E5200F60FB0 /* NetworkService */ = {
			isa = PBXGroup;
			children = (
				2C8049932A513E6C00F60FB0 /* Models */,
				2C8049A92A51CA6B00F60FB0 /* Requests */,
				2C8049942A513EDA00F60FB0 /* URLProvider.swift */,
				2C8049962A513F2F00F60FB0 /* NetworkError.swift */,
				2C8049992A513F8200F60FB0 /* JSONParser.swift */,
				2C80499B2A513FAE00F60FB0 /* RequestService.swift */,
				2C80499D2A513FDC00F60FB0 /* RequestFactory.swift */,
			);
			path = NetworkService;
			sourceTree = "<group>";
		};
		2C8049932A513E6C00F60FB0 /* Models */ = {
			isa = PBXGroup;
			children = (
				2C80499F2A51406700F60FB0 /* TodoListModel.swift */,
			);
			path = Models;
			sourceTree = "<group>";
		};
		2C8049A92A51CA6B00F60FB0 /* Requests */ = {
			isa = PBXGroup;
			children = (
				2C8049AE2A51CB2B00F60FB0 /* Headers.swift */,
				2C8049B02A51CB5C00F60FB0 /* Methods.swift */,
				2C8049AA2A51CAA700F60FB0 /* TodoListGetRequest.swift */,
				2CE19BD02A53046800674392 /* TodoListPatchRequest.swift */,
				2C8049AC2A51CAEA00F60FB0 /* TodoItemPostRequest.swift */,
				2CE19BCC2A52F43A00674392 /* TodoItemGetRequest.swift */,
				2CE19BCE2A52F9F400674392 /* TodoItemPutRequest.swift */,
				2CE19BCA2A52BAE100674392 /* TodoItemDeleteRequest.swift */,
			);
			path = Requests;
			sourceTree = "<group>";
		};
		2C9B8B232A37292900CC591A /* Storages */ = {
			isa = PBXGroup;
			children = (
				2C6C24142A34AFFC002B107C /* Models */,
				2C9B8B242A37295000CC591A /* FileCache.swift */,
				2C2CD9F72A5992DE00CC2A3D /* SQLiteStorage.swift */,
				2CE7558A2A5BCDAE00978908 /* CoreDataStorage.swift */,
			);
			path = Storages;
			sourceTree = "<group>";
		};
		2C9B8B262A37334700CC591A /* Storages */ = {
			isa = PBXGroup;
			children = (
				2C9B8B272A37336400CC591A /* FileCacheTests.swift */,
			);
			path = Storages;
			sourceTree = "<group>";
		};
		2C9F840B2A459B4E00A2F1FD /* ColorPicker */ = {
			isa = PBXGroup;
			children = (
				2C9F840C2A459B7A00A2F1FD /* ColorPickerViewController.swift */,
				2C9F840E2A459BB900A2F1FD /* ColorPickerPresenter.swift */,
				2C9F84102A459BD600A2F1FD /* ColorPickerConfigurator.swift */,
			);
			path = ColorPicker;
			sourceTree = "<group>";
		};
		2CA3BB152A62D9AD006D56BA /* TaskList */ = {
			isa = PBXGroup;
			children = (
				2CA3BB202A62E951006D56BA /* Cells */,
				2CD4EDBA2A61F4BC00ED0CFB /* TodoListSUI.swift */,
			);
			path = TaskList;
			sourceTree = "<group>";
		};
		2CA3BB162A62DA16006D56BA /* TaskDetail */ = {
			isa = PBXGroup;
			children = (
				2CA3BB1A2A62DC4F006D56BA /* TaskDetauilSUI.swift */,
			);
			path = TaskDetail;
			sourceTree = "<group>";
		};
		2CA3BB202A62E951006D56BA /* Cells */ = {
			isa = PBXGroup;
			children = (
				2CA3BB172A62DA77006D56BA /* TaskListCellSUI.swift */,
				2CA3BB1D2A62E943006D56BA /* AddCellSUI.swift */,
			);
			path = Cells;
			sourceTree = "<group>";
		};
		2CAC791C2A4AF8C300A02382 /* Headers */ = {
			isa = PBXGroup;
			children = (
				2CAC791D2A4AF8EB00A02382 /* TaskListHeaderTableView.swift */,
			);
			path = Headers;
			sourceTree = "<group>";
		};
		2CD4EDB72A61F4BC00ED0CFB /* TodoLostSwiftUI */ = {
			isa = PBXGroup;
			children = (
				2CD4EDB82A61F4BC00ED0CFB /* TodoLostSwiftUIApp.swift */,
				2CA3BB152A62D9AD006D56BA /* TaskList */,
				2CA3BB162A62DA16006D56BA /* TaskDetail */,
				2CA3BB112A62D005006D56BA /* TodoListViewModelSUI.swift */,
				2CD4EDBC2A61F4BD00ED0CFB /* Assets.xcassets */,
				2CD4EDBE2A61F4BD00ED0CFB /* Preview Content */,
			);
			path = TodoLostSwiftUI;
			sourceTree = "<group>";
		};
		2CD4EDBE2A61F4BD00ED0CFB /* Preview Content */ = {
			isa = PBXGroup;
			children = (
				2CD4EDBF2A61F4BD00ED0CFB /* Preview Assets.xcassets */,
			);
			path = "Preview Content";
			sourceTree = "<group>";
		};
		2CF941A82A4D638800555DB5 /* Animations */ = {
			isa = PBXGroup;
			children = (
				2CF941A92A4D63A300555DB5 /* TransitionAnimationVC.swift */,
			);
			path = Animations;
			sourceTree = "<group>";
		};
		B0D96565586E3433A5F73087 /* Pods */ = {
			isa = PBXGroup;
			children = (
				FFC2E598F1EFE838F51EF5AE /* Pods-TodoLost.debug.xcconfig */,
				D4D4C4BA21FBD4297EC34F7B /* Pods-TodoLost.release.xcconfig */,
				9DF1CF3B1036AFF829779BE8 /* Pods-TodoLost-TodoLostUITests.debug.xcconfig */,
				F04FB7AFDBEC0DF7B8AB1599 /* Pods-TodoLost-TodoLostUITests.release.xcconfig */,
				77188B9A42879EFF9C212284 /* Pods-TodoLostTests.debug.xcconfig */,
				1FAFD59BFF832BC9F03568DB /* Pods-TodoLostTests.release.xcconfig */,
			);
			path = Pods;
			sourceTree = "<group>";
		};
/* End PBXGroup section */

/* Begin PBXNativeTarget section */
		2C6C23DC2A34AEFB002B107C /* TodoLost */ = {
			isa = PBXNativeTarget;
			buildConfigurationList = 2C6C24072A34AEFE002B107C /* Build configuration list for PBXNativeTarget "TodoLost" */;
			buildPhases = (
				3B2AB116C1E50E2AC36FC5F0 /* [CP] Check Pods Manifest.lock */,
				2C2016352A4F08C4004EB2A7 /* Run SwiftLint */,
				2C6C23D92A34AEFB002B107C /* Sources */,
				2C6C23DA2A34AEFB002B107C /* Frameworks */,
				2C6C23DB2A34AEFB002B107C /* Resources */,
			);
			buildRules = (
			);
			dependencies = (
			);
			name = TodoLost;
			packageProductDependencies = (
				2C3055772A4C742F001C3E5D /* DTLogger */,
				2C20162F2A4EDC89004EB2A7 /* CocoaLumberjackSwift */,
				2C2016312A4EDC89004EB2A7 /* CocoaLumberjackSwiftLogBackend */,
				2CE2692C2A4F3620000F90A7 /* ColorWheel */,
				2C2CD9FA2A59A6C500CC2A3D /* SQLite */,
			);
			productName = TodoLost;
			productReference = 2C6C23DD2A34AEFC002B107C /* TodoLost.app */;
			productType = "com.apple.product-type.application";
		};
		2C6C23F22A34AEFD002B107C /* TodoLostTests */ = {
			isa = PBXNativeTarget;
			buildConfigurationList = 2C6C240A2A34AEFE002B107C /* Build configuration list for PBXNativeTarget "TodoLostTests" */;
			buildPhases = (
				6B36AD5610EA777E54EEF976 /* [CP] Check Pods Manifest.lock */,
				2C6C23EF2A34AEFD002B107C /* Sources */,
				2C6C23F02A34AEFD002B107C /* Frameworks */,
				2C6C23F12A34AEFD002B107C /* Resources */,
			);
			buildRules = (
			);
			dependencies = (
				2C6C23F52A34AEFD002B107C /* PBXTargetDependency */,
			);
			name = TodoLostTests;
			productName = TodoLostTests;
			productReference = 2C6C23F32A34AEFD002B107C /* TodoLostTests.xctest */;
			productType = "com.apple.product-type.bundle.unit-test";
		};
		2C6C23FC2A34AEFE002B107C /* TodoLostUITests */ = {
			isa = PBXNativeTarget;
			buildConfigurationList = 2C6C240D2A34AEFE002B107C /* Build configuration list for PBXNativeTarget "TodoLostUITests" */;
			buildPhases = (
				65D85F306B3268A729FA3A75 /* [CP] Check Pods Manifest.lock */,
				2C6C23F92A34AEFE002B107C /* Sources */,
				2C6C23FA2A34AEFE002B107C /* Frameworks */,
				2C6C23FB2A34AEFE002B107C /* Resources */,
			);
			buildRules = (
			);
			dependencies = (
				2C6C23FF2A34AEFE002B107C /* PBXTargetDependency */,
			);
			name = TodoLostUITests;
			productName = TodoLostUITests;
			productReference = 2C6C23FD2A34AEFE002B107C /* TodoLostUITests.xctest */;
			productType = "com.apple.product-type.bundle.ui-testing";
		};
		2CD4EDB52A61F4BC00ED0CFB /* TodoLostSwiftUI */ = {
			isa = PBXNativeTarget;
			buildConfigurationList = 2CD4EDC32A61F4BD00ED0CFB /* Build configuration list for PBXNativeTarget "TodoLostSwiftUI" */;
			buildPhases = (
				2CD4EDB22A61F4BC00ED0CFB /* Sources */,
				2CD4EDB32A61F4BC00ED0CFB /* Frameworks */,
				2CD4EDB42A61F4BC00ED0CFB /* Resources */,
			);
			buildRules = (
			);
			dependencies = (
			);
			name = TodoLostSwiftUI;
			productName = TodoLostSwiftUI;
			productReference = 2CD4EDB62A61F4BC00ED0CFB /* TodoLostSwiftUI.app */;
			productType = "com.apple.product-type.application";
		};
/* End PBXNativeTarget section */

/* Begin PBXProject section */
		2C6C23D52A34AEFB002B107C /* Project object */ = {
			isa = PBXProject;
			attributes = {
				BuildIndependentTargetsInParallel = 1;
				LastSwiftUpdateCheck = 1430;
				LastUpgradeCheck = 1430;
				TargetAttributes = {
					2C6C23DC2A34AEFB002B107C = {
						CreatedOnToolsVersion = 14.3;
					};
					2C6C23F22A34AEFD002B107C = {
						CreatedOnToolsVersion = 14.3;
						TestTargetID = 2C6C23DC2A34AEFB002B107C;
					};
					2C6C23FC2A34AEFE002B107C = {
						CreatedOnToolsVersion = 14.3;
						TestTargetID = 2C6C23DC2A34AEFB002B107C;
					};
					2CD4EDB52A61F4BC00ED0CFB = {
						CreatedOnToolsVersion = 14.3;
					};
				};
			};
			buildConfigurationList = 2C6C23D82A34AEFB002B107C /* Build configuration list for PBXProject "TodoLost" */;
			compatibilityVersion = "Xcode 14.0";
			developmentRegion = ru;
			hasScannedForEncodings = 0;
			knownRegions = (
				en,
				Base,
				ru,
			);
			mainGroup = 2C6C23D42A34AEFB002B107C;
			packageReferences = (
				2C3055762A4C742F001C3E5D /* XCRemoteSwiftPackageReference "DTLogger" */,
				2C20162E2A4EDC89004EB2A7 /* XCRemoteSwiftPackageReference "CocoaLumberjack" */,
				2CE2692B2A4F3620000F90A7 /* XCRemoteSwiftPackageReference "ColorWheel" */,
				2C2CD9F92A59A6C500CC2A3D /* XCRemoteSwiftPackageReference "SQLite.swift" */,
			);
			productRefGroup = 2C6C23DE2A34AEFC002B107C /* Products */;
			projectDirPath = "";
			projectRoot = "";
			targets = (
				2C6C23DC2A34AEFB002B107C /* TodoLost */,
				2C6C23F22A34AEFD002B107C /* TodoLostTests */,
				2C6C23FC2A34AEFE002B107C /* TodoLostUITests */,
				2CD4EDB52A61F4BC00ED0CFB /* TodoLostSwiftUI */,
			);
		};
/* End PBXProject section */

/* Begin PBXResourcesBuildPhase section */
		2C6C23DB2A34AEFB002B107C /* Resources */ = {
			isa = PBXResourcesBuildPhase;
			buildActionMask = 2147483647;
			files = (
				2C6C23ED2A34AEFD002B107C /* LaunchScreen.storyboard in Resources */,
				2C30557E2A4C8646001C3E5D /* SplashScreenViewController.xib in Resources */,
				2C6C23EA2A34AEFD002B107C /* Assets.xcassets in Resources */,
				2CD382E02A432B6400C82343 /* TodoItems.json in Resources */,
			);
			runOnlyForDeploymentPostprocessing = 0;
		};
		2C6C23F12A34AEFD002B107C /* Resources */ = {
			isa = PBXResourcesBuildPhase;
			buildActionMask = 2147483647;
			files = (
				2C31EDF22A3A17C500855D45 /* TodoItems.json in Resources */,
				2C31EDF12A3A17C000855D45 /* TodoItems.csv in Resources */,
			);
			runOnlyForDeploymentPostprocessing = 0;
		};
		2C6C23FB2A34AEFE002B107C /* Resources */ = {
			isa = PBXResourcesBuildPhase;
			buildActionMask = 2147483647;
			files = (
			);
			runOnlyForDeploymentPostprocessing = 0;
		};
		2CD4EDB42A61F4BC00ED0CFB /* Resources */ = {
			isa = PBXResourcesBuildPhase;
			buildActionMask = 2147483647;
			files = (
				2CD4EDC02A61F4BD00ED0CFB /* Preview Assets.xcassets in Resources */,
				2CD4EDBD2A61F4BD00ED0CFB /* Assets.xcassets in Resources */,
			);
			runOnlyForDeploymentPostprocessing = 0;
		};
/* End PBXResourcesBuildPhase section */

/* Begin PBXShellScriptBuildPhase section */
		2C2016352A4F08C4004EB2A7 /* Run SwiftLint */ = {
			isa = PBXShellScriptBuildPhase;
			alwaysOutOfDate = 1;
			buildActionMask = 2147483647;
			files = (
			);
			inputFileListPaths = (
			);
			inputPaths = (
			);
			name = "Run SwiftLint";
			outputFileListPaths = (
			);
			outputPaths = (
			);
			runOnlyForDeploymentPostprocessing = 0;
			shellPath = /bin/sh;
			shellScript = "\"${PODS_ROOT}/SwiftLint/swiftlint\"\n";
		};
		3B2AB116C1E50E2AC36FC5F0 /* [CP] Check Pods Manifest.lock */ = {
			isa = PBXShellScriptBuildPhase;
			buildActionMask = 2147483647;
			files = (
			);
			inputFileListPaths = (
			);
			inputPaths = (
				"${PODS_PODFILE_DIR_PATH}/Podfile.lock",
				"${PODS_ROOT}/Manifest.lock",
			);
			name = "[CP] Check Pods Manifest.lock";
			outputFileListPaths = (
			);
			outputPaths = (
				"$(DERIVED_FILE_DIR)/Pods-TodoLost-checkManifestLockResult.txt",
			);
			runOnlyForDeploymentPostprocessing = 0;
			shellPath = /bin/sh;
			shellScript = "diff \"${PODS_PODFILE_DIR_PATH}/Podfile.lock\" \"${PODS_ROOT}/Manifest.lock\" > /dev/null\nif [ $? != 0 ] ; then\n    # print error to STDERR\n    echo \"error: The sandbox is not in sync with the Podfile.lock. Run 'pod install' or update your CocoaPods installation.\" >&2\n    exit 1\nfi\n# This output is used by Xcode 'outputs' to avoid re-running this script phase.\necho \"SUCCESS\" > \"${SCRIPT_OUTPUT_FILE_0}\"\n";
			showEnvVarsInLog = 0;
		};
		65D85F306B3268A729FA3A75 /* [CP] Check Pods Manifest.lock */ = {
			isa = PBXShellScriptBuildPhase;
			buildActionMask = 2147483647;
			files = (
			);
			inputFileListPaths = (
			);
			inputPaths = (
				"${PODS_PODFILE_DIR_PATH}/Podfile.lock",
				"${PODS_ROOT}/Manifest.lock",
			);
			name = "[CP] Check Pods Manifest.lock";
			outputFileListPaths = (
			);
			outputPaths = (
				"$(DERIVED_FILE_DIR)/Pods-TodoLost-TodoLostUITests-checkManifestLockResult.txt",
			);
			runOnlyForDeploymentPostprocessing = 0;
			shellPath = /bin/sh;
			shellScript = "diff \"${PODS_PODFILE_DIR_PATH}/Podfile.lock\" \"${PODS_ROOT}/Manifest.lock\" > /dev/null\nif [ $? != 0 ] ; then\n    # print error to STDERR\n    echo \"error: The sandbox is not in sync with the Podfile.lock. Run 'pod install' or update your CocoaPods installation.\" >&2\n    exit 1\nfi\n# This output is used by Xcode 'outputs' to avoid re-running this script phase.\necho \"SUCCESS\" > \"${SCRIPT_OUTPUT_FILE_0}\"\n";
			showEnvVarsInLog = 0;
		};
		6B36AD5610EA777E54EEF976 /* [CP] Check Pods Manifest.lock */ = {
			isa = PBXShellScriptBuildPhase;
			buildActionMask = 2147483647;
			files = (
			);
			inputFileListPaths = (
			);
			inputPaths = (
				"${PODS_PODFILE_DIR_PATH}/Podfile.lock",
				"${PODS_ROOT}/Manifest.lock",
			);
			name = "[CP] Check Pods Manifest.lock";
			outputFileListPaths = (
			);
			outputPaths = (
				"$(DERIVED_FILE_DIR)/Pods-TodoLostTests-checkManifestLockResult.txt",
			);
			runOnlyForDeploymentPostprocessing = 0;
			shellPath = /bin/sh;
			shellScript = "diff \"${PODS_PODFILE_DIR_PATH}/Podfile.lock\" \"${PODS_ROOT}/Manifest.lock\" > /dev/null\nif [ $? != 0 ] ; then\n    # print error to STDERR\n    echo \"error: The sandbox is not in sync with the Podfile.lock. Run 'pod install' or update your CocoaPods installation.\" >&2\n    exit 1\nfi\n# This output is used by Xcode 'outputs' to avoid re-running this script phase.\necho \"SUCCESS\" > \"${SCRIPT_OUTPUT_FILE_0}\"\n";
			showEnvVarsInLog = 0;
		};
/* End PBXShellScriptBuildPhase section */

/* Begin PBXSourcesBuildPhase section */
		2C6C23D92A34AEFB002B107C /* Sources */ = {
			isa = PBXSourcesBuildPhase;
			buildActionMask = 2147483647;
			files = (
				2CE19BCF2A52F9F400674392 /* TodoItemPutRequest.swift in Sources */,
				2C507EAE2A48AE8E005F8B4A /* IdentifableCell.swift in Sources */,
				2CE19BCD2A52F43A00674392 /* TodoItemGetRequest.swift in Sources */,
				2CA3BB1F2A62E94B006D56BA /* AddCellSUI.swift in Sources */,
				2CA3BB192A62DAB0006D56BA /* TaskListCellSUI.swift in Sources */,
				2C507EA62A48AB4B005F8B4A /* TaskListDataSourceProvider.swift in Sources */,
				2C30557F2A4C8646001C3E5D /* SplashScreenAnimator.swift in Sources */,
				2C9F841B2A45E9F100A2F1FD /* UIColor+Hex.swift in Sources */,
				2C507E9C2A48A4BB005F8B4A /* TaskListViewController.swift in Sources */,
				2C8049AB2A51CAA700F60FB0 /* TodoListGetRequest.swift in Sources */,
				2C29D4702A61F60C009965F0 /* TodoListSUI.swift in Sources */,
				2C2016342A4EF00A004EB2A7 /* LumberjackLogger.swift in Sources */,
				2C3055812A4C8646001C3E5D /* SplashScreenViewController.swift in Sources */,
				2C633F622A3F5A8000BD2F29 /* TaskDetailConfigurator.swift in Sources */,
				2CAC791E2A4AF8EB00A02382 /* TaskListHeaderTableView.swift in Sources */,
				2C07DC5A2A5809C000170E76 /* URLSession+.swift in Sources */,
				2CA3BB1C2A62DD3D006D56BA /* TaskDetauilSUI.swift in Sources */,
				2CF941AA2A4D63A300555DB5 /* TransitionAnimationVC.swift in Sources */,
				2C80499C2A513FAE00F60FB0 /* RequestService.swift in Sources */,
				2C8049B12A51CB5C00F60FB0 /* Methods.swift in Sources */,
				2CD382DD2A4326A000C82343 /* ServiceAssembly.swift in Sources */,
				2C9F84192A45BC2B00A2F1FD /* UIColor+HexFormatter.swift in Sources */,
				2C507E9F2A48A4F0005F8B4A /* TaskListPresenter.swift in Sources */,
				2C21E4842A41CFE800DAE09A /* Date+DateFormatter.swift in Sources */,
				2C8049952A513EDA00F60FB0 /* URLProvider.swift in Sources */,
				2C8049AD2A51CAEA00F60FB0 /* TodoItemPostRequest.swift in Sources */,
				2C80499E2A513FDC00F60FB0 /* RequestFactory.swift in Sources */,
				2C507EAB2A48AE3D005F8B4A /* TaskCell.swift in Sources */,
				2C8049AF2A51CB2B00F60FB0 /* Headers.swift in Sources */,
				2C8049972A513F2F00F60FB0 /* NetworkError.swift in Sources */,
				2C633F5E2A3F59DD00BD2F29 /* TaskDetailViewController.swift in Sources */,
				2CD382DF2A43283100C82343 /* TaskDetailViewModel.swift in Sources */,
				2C1603F02A5458EB00FE6CE8 /* NetworkManager.swift in Sources */,
				2C2CD9F82A5992DE00CC2A3D /* SQLiteStorage.swift in Sources */,
				2C9F840D2A459B7A00A2F1FD /* ColorPickerViewController.swift in Sources */,
				2C2CFCA32A3F9DD400B80728 /* Color.swift in Sources */,
				2C740FDC2A40B7DC00884C79 /* Fonts.swift in Sources */,
				2C64362B2A4E0F9600E08C4D /* AddCell.swift in Sources */,
				2C8049A02A51406700F60FB0 /* TodoListModel.swift in Sources */,
				2C6C23E12A34AEFC002B107C /* AppDelegate.swift in Sources */,
				2C740FDA2A40B10E00884C79 /* Icons.swift in Sources */,
				2C9F84132A459D2500A2F1FD /* TaskDetailRouter.swift in Sources */,
				2C80499A2A513F8200F60FB0 /* JSONParser.swift in Sources */,
				2CA3BB132A62D03E006D56BA /* TodoListViewModelSUI.swift in Sources */,
				2CE19BCB2A52BAE100674392 /* TodoItemDeleteRequest.swift in Sources */,
				2CE7558B2A5BCDAE00978908 /* CoreDataStorage.swift in Sources */,
				2C507EA32A48A532005F8B4A /* TaskListRouter.swift in Sources */,
				2CE7558E2A5BCDEC00978908 /* TodoItem.xcdatamodeld in Sources */,
				2C507EA12A48A511005F8B4A /* TaskListConfigurator.swift in Sources */,
				2C9F840F2A459BB900A2F1FD /* ColorPickerPresenter.swift in Sources */,
				2CE19BD12A53046800674392 /* TodoListPatchRequest.swift in Sources */,
				2C6C24132A34AFAC002B107C /* TodoItem.swift in Sources */,
				2C60CFC02A574A0000F5D778 /* HalfRingActivityIndicator.swift in Sources */,
				2C3614A92A44600100C6C9BC /* NotificationKeyboardObserver.swift in Sources */,
				2C8049A32A516A4000F60FB0 /* ConfigurationEnvironment.swift in Sources */,
				2C3055802A4C8646001C3E5D /* SplashScreenPresenter.swift in Sources */,
				2C507EA82A48ABF5005F8B4A /* TaskViewModel.swift in Sources */,
				2C9B8B252A37295000CC591A /* FileCache.swift in Sources */,
				2C633F832A3F7A2900BD2F29 /* PresentationAssembly.swift in Sources */,
				2C633F602A3F5A2700BD2F29 /* TaskDetailPresenter.swift in Sources */,
				2C9F84112A459BD600A2F1FD /* ColorPickerConfigurator.swift in Sources */,
			);
			runOnlyForDeploymentPostprocessing = 0;
		};
		2C6C23EF2A34AEFD002B107C /* Sources */ = {
			isa = PBXSourcesBuildPhase;
			buildActionMask = 2147483647;
			files = (
				2C9B8B282A37336400CC591A /* FileCacheTests.swift in Sources */,
				2C451A532A35E03100135FF8 /* TodoItemTests.swift in Sources */,
			);
			runOnlyForDeploymentPostprocessing = 0;
		};
		2C6C23F92A34AEFE002B107C /* Sources */ = {
			isa = PBXSourcesBuildPhase;
			buildActionMask = 2147483647;
			files = (
				2C6C24042A34AEFE002B107C /* TodoLostUITestsLaunchTests.swift in Sources */,
				2C6C24022A34AEFE002B107C /* TodoLostUITests.swift in Sources */,
			);
			runOnlyForDeploymentPostprocessing = 0;
		};
		2CD4EDB22A61F4BC00ED0CFB /* Sources */ = {
			isa = PBXSourcesBuildPhase;
			buildActionMask = 2147483647;
			files = (
				2CA3BB1B2A62DC4F006D56BA /* TaskDetauilSUI.swift in Sources */,
				2CA3BB182A62DA77006D56BA /* TaskListCellSUI.swift in Sources */,
				2CA3BB122A62D005006D56BA /* TodoListViewModelSUI.swift in Sources */,
				2CD4EDBB2A61F4BC00ED0CFB /* TodoListSUI.swift in Sources */,
				2CD4EDB92A61F4BC00ED0CFB /* TodoLostSwiftUIApp.swift in Sources */,
				2CA3BB1E2A62E943006D56BA /* AddCellSUI.swift in Sources */,
			);
			runOnlyForDeploymentPostprocessing = 0;
		};
/* End PBXSourcesBuildPhase section */

/* Begin PBXTargetDependency section */
		2C6C23F52A34AEFD002B107C /* PBXTargetDependency */ = {
			isa = PBXTargetDependency;
			target = 2C6C23DC2A34AEFB002B107C /* TodoLost */;
			targetProxy = 2C6C23F42A34AEFD002B107C /* PBXContainerItemProxy */;
		};
		2C6C23FF2A34AEFE002B107C /* PBXTargetDependency */ = {
			isa = PBXTargetDependency;
			target = 2C6C23DC2A34AEFB002B107C /* TodoLost */;
			targetProxy = 2C6C23FE2A34AEFE002B107C /* PBXContainerItemProxy */;
		};
/* End PBXTargetDependency section */

/* Begin PBXVariantGroup section */
		2C6C23EB2A34AEFD002B107C /* LaunchScreen.storyboard */ = {
			isa = PBXVariantGroup;
			children = (
				2C6C23EC2A34AEFD002B107C /* Base */,
				2CA3BB142A62D29B006D56BA /* ru */,
			);
			name = LaunchScreen.storyboard;
			sourceTree = "<group>";
		};
/* End PBXVariantGroup section */

/* Begin XCBuildConfiguration section */
		2C6C24052A34AEFE002B107C /* Debug */ = {
			isa = XCBuildConfiguration;
			baseConfigurationReference = 2C8049A12A51695400F60FB0 /* TodoLostConfig.xcconfig */;
			buildSettings = {
				ALWAYS_SEARCH_USER_PATHS = NO;
				CLANG_ANALYZER_LOCALIZABILITY_NONLOCALIZED = YES;
				CLANG_ANALYZER_NONNULL = YES;
				CLANG_ANALYZER_NUMBER_OBJECT_CONVERSION = YES_AGGRESSIVE;
				CLANG_CXX_LANGUAGE_STANDARD = "gnu++20";
				CLANG_ENABLE_MODULES = YES;
				CLANG_ENABLE_OBJC_ARC = YES;
				CLANG_ENABLE_OBJC_WEAK = YES;
				CLANG_WARN_BLOCK_CAPTURE_AUTORELEASING = YES;
				CLANG_WARN_BOOL_CONVERSION = YES;
				CLANG_WARN_COMMA = YES;
				CLANG_WARN_CONSTANT_CONVERSION = YES;
				CLANG_WARN_DEPRECATED_OBJC_IMPLEMENTATIONS = YES;
				CLANG_WARN_DIRECT_OBJC_ISA_USAGE = YES_ERROR;
				CLANG_WARN_DOCUMENTATION_COMMENTS = YES;
				CLANG_WARN_EMPTY_BODY = YES;
				CLANG_WARN_ENUM_CONVERSION = YES;
				CLANG_WARN_INFINITE_RECURSION = YES;
				CLANG_WARN_INT_CONVERSION = YES;
				CLANG_WARN_NON_LITERAL_NULL_CONVERSION = YES;
				CLANG_WARN_OBJC_IMPLICIT_RETAIN_SELF = YES;
				CLANG_WARN_OBJC_LITERAL_CONVERSION = YES;
				CLANG_WARN_OBJC_ROOT_CLASS = YES_ERROR;
				CLANG_WARN_QUOTED_INCLUDE_IN_FRAMEWORK_HEADER = YES;
				CLANG_WARN_RANGE_LOOP_ANALYSIS = YES;
				CLANG_WARN_STRICT_PROTOTYPES = YES;
				CLANG_WARN_SUSPICIOUS_MOVE = YES;
				CLANG_WARN_UNGUARDED_AVAILABILITY = YES_AGGRESSIVE;
				CLANG_WARN_UNREACHABLE_CODE = YES;
				CLANG_WARN__DUPLICATE_METHOD_MATCH = YES;
				COPY_PHASE_STRIP = NO;
				DEBUG_INFORMATION_FORMAT = dwarf;
				ENABLE_STRICT_OBJC_MSGSEND = YES;
				ENABLE_TESTABILITY = YES;
				GCC_C_LANGUAGE_STANDARD = gnu11;
				GCC_DYNAMIC_NO_PIC = NO;
				GCC_NO_COMMON_BLOCKS = YES;
				GCC_OPTIMIZATION_LEVEL = 0;
				GCC_PREPROCESSOR_DEFINITIONS = (
					"DEBUG=1",
					"$(inherited)",
				);
				GCC_WARN_64_TO_32_BIT_CONVERSION = YES;
				GCC_WARN_ABOUT_RETURN_TYPE = YES_ERROR;
				GCC_WARN_UNDECLARED_SELECTOR = YES;
				GCC_WARN_UNINITIALIZED_AUTOS = YES_AGGRESSIVE;
				GCC_WARN_UNUSED_FUNCTION = YES;
				GCC_WARN_UNUSED_VARIABLE = YES;
				IPHONEOS_DEPLOYMENT_TARGET = 16.4;
				MTL_ENABLE_DEBUG_INFO = INCLUDE_SOURCE;
				MTL_FAST_MATH = YES;
				ONLY_ACTIVE_ARCH = YES;
				SDKROOT = iphoneos;
				SWIFT_ACTIVE_COMPILATION_CONDITIONS = DEBUG;
				SWIFT_OPTIMIZATION_LEVEL = "-Onone";
				SWIFT_STRICT_CONCURRENCY = minimal;
			};
			name = Debug;
		};
		2C6C24062A34AEFE002B107C /* Release */ = {
			isa = XCBuildConfiguration;
			buildSettings = {
				ALWAYS_SEARCH_USER_PATHS = NO;
				CLANG_ANALYZER_LOCALIZABILITY_NONLOCALIZED = YES;
				CLANG_ANALYZER_NONNULL = YES;
				CLANG_ANALYZER_NUMBER_OBJECT_CONVERSION = YES_AGGRESSIVE;
				CLANG_CXX_LANGUAGE_STANDARD = "gnu++20";
				CLANG_ENABLE_MODULES = YES;
				CLANG_ENABLE_OBJC_ARC = YES;
				CLANG_ENABLE_OBJC_WEAK = YES;
				CLANG_WARN_BLOCK_CAPTURE_AUTORELEASING = YES;
				CLANG_WARN_BOOL_CONVERSION = YES;
				CLANG_WARN_COMMA = YES;
				CLANG_WARN_CONSTANT_CONVERSION = YES;
				CLANG_WARN_DEPRECATED_OBJC_IMPLEMENTATIONS = YES;
				CLANG_WARN_DIRECT_OBJC_ISA_USAGE = YES_ERROR;
				CLANG_WARN_DOCUMENTATION_COMMENTS = YES;
				CLANG_WARN_EMPTY_BODY = YES;
				CLANG_WARN_ENUM_CONVERSION = YES;
				CLANG_WARN_INFINITE_RECURSION = YES;
				CLANG_WARN_INT_CONVERSION = YES;
				CLANG_WARN_NON_LITERAL_NULL_CONVERSION = YES;
				CLANG_WARN_OBJC_IMPLICIT_RETAIN_SELF = YES;
				CLANG_WARN_OBJC_LITERAL_CONVERSION = YES;
				CLANG_WARN_OBJC_ROOT_CLASS = YES_ERROR;
				CLANG_WARN_QUOTED_INCLUDE_IN_FRAMEWORK_HEADER = YES;
				CLANG_WARN_RANGE_LOOP_ANALYSIS = YES;
				CLANG_WARN_STRICT_PROTOTYPES = YES;
				CLANG_WARN_SUSPICIOUS_MOVE = YES;
				CLANG_WARN_UNGUARDED_AVAILABILITY = YES_AGGRESSIVE;
				CLANG_WARN_UNREACHABLE_CODE = YES;
				CLANG_WARN__DUPLICATE_METHOD_MATCH = YES;
				COPY_PHASE_STRIP = NO;
				DEBUG_INFORMATION_FORMAT = "dwarf-with-dsym";
				ENABLE_NS_ASSERTIONS = NO;
				ENABLE_STRICT_OBJC_MSGSEND = YES;
				GCC_C_LANGUAGE_STANDARD = gnu11;
				GCC_NO_COMMON_BLOCKS = YES;
				GCC_WARN_64_TO_32_BIT_CONVERSION = YES;
				GCC_WARN_ABOUT_RETURN_TYPE = YES_ERROR;
				GCC_WARN_UNDECLARED_SELECTOR = YES;
				GCC_WARN_UNINITIALIZED_AUTOS = YES_AGGRESSIVE;
				GCC_WARN_UNUSED_FUNCTION = YES;
				GCC_WARN_UNUSED_VARIABLE = YES;
				IPHONEOS_DEPLOYMENT_TARGET = 16.4;
				MTL_ENABLE_DEBUG_INFO = NO;
				MTL_FAST_MATH = YES;
				SDKROOT = iphoneos;
				SWIFT_COMPILATION_MODE = wholemodule;
				SWIFT_OPTIMIZATION_LEVEL = "-O";
				SWIFT_STRICT_CONCURRENCY = minimal;
				VALIDATE_PRODUCT = YES;
			};
			name = Release;
		};
		2C6C24082A34AEFE002B107C /* Debug */ = {
			isa = XCBuildConfiguration;
			baseConfigurationReference = FFC2E598F1EFE838F51EF5AE /* Pods-TodoLost.debug.xcconfig */;
			buildSettings = {
				ASSETCATALOG_COMPILER_APPICON_NAME = AppIcon;
				ASSETCATALOG_COMPILER_GLOBAL_ACCENT_COLOR_NAME = AccentColor;
				CODE_SIGN_STYLE = Automatic;
				CURRENT_PROJECT_VERSION = 1;
				DEVELOPMENT_TEAM = B66N983M7Q;
				GENERATE_INFOPLIST_FILE = YES;
				INFOPLIST_FILE = TodoLost/Info.plist;
				INFOPLIST_KEY_UIApplicationSupportsIndirectInputEvents = YES;
				INFOPLIST_KEY_UILaunchStoryboardName = LaunchScreen;
				INFOPLIST_KEY_UIMainStoryboardFile = "";
				INFOPLIST_KEY_UISupportedInterfaceOrientations_iPad = "UIInterfaceOrientationPortrait UIInterfaceOrientationPortraitUpsideDown UIInterfaceOrientationLandscapeLeft UIInterfaceOrientationLandscapeRight";
				INFOPLIST_KEY_UISupportedInterfaceOrientations_iPhone = "UIInterfaceOrientationPortrait UIInterfaceOrientationLandscapeLeft UIInterfaceOrientationLandscapeRight";
				LD_RUNPATH_SEARCH_PATHS = (
					"$(inherited)",
					"@executable_path/Frameworks",
				);
				MARKETING_VERSION = 1.0;
				PRODUCT_BUNDLE_IDENTIFIER = ru.zyfunphoto.TodoLost;
				PRODUCT_NAME = "$(TARGET_NAME)";
				SWIFT_EMIT_LOC_STRINGS = YES;
				SWIFT_VERSION = 5.0;
				TARGETED_DEVICE_FAMILY = "1,2";
			};
			name = Debug;
		};
		2C6C24092A34AEFE002B107C /* Release */ = {
			isa = XCBuildConfiguration;
			baseConfigurationReference = D4D4C4BA21FBD4297EC34F7B /* Pods-TodoLost.release.xcconfig */;
			buildSettings = {
				ASSETCATALOG_COMPILER_APPICON_NAME = AppIcon;
				ASSETCATALOG_COMPILER_GLOBAL_ACCENT_COLOR_NAME = AccentColor;
				CODE_SIGN_STYLE = Automatic;
				CURRENT_PROJECT_VERSION = 1;
				DEVELOPMENT_TEAM = B66N983M7Q;
				GENERATE_INFOPLIST_FILE = YES;
				INFOPLIST_FILE = TodoLost/Info.plist;
				INFOPLIST_KEY_UIApplicationSupportsIndirectInputEvents = YES;
				INFOPLIST_KEY_UILaunchStoryboardName = LaunchScreen;
				INFOPLIST_KEY_UIMainStoryboardFile = "";
				INFOPLIST_KEY_UISupportedInterfaceOrientations_iPad = "UIInterfaceOrientationPortrait UIInterfaceOrientationPortraitUpsideDown UIInterfaceOrientationLandscapeLeft UIInterfaceOrientationLandscapeRight";
				INFOPLIST_KEY_UISupportedInterfaceOrientations_iPhone = "UIInterfaceOrientationPortrait UIInterfaceOrientationLandscapeLeft UIInterfaceOrientationLandscapeRight";
				LD_RUNPATH_SEARCH_PATHS = (
					"$(inherited)",
					"@executable_path/Frameworks",
				);
				MARKETING_VERSION = 1.0;
				PRODUCT_BUNDLE_IDENTIFIER = ru.zyfunphoto.TodoLost;
				PRODUCT_NAME = "$(TARGET_NAME)";
				SWIFT_EMIT_LOC_STRINGS = YES;
				SWIFT_VERSION = 5.0;
				TARGETED_DEVICE_FAMILY = "1,2";
			};
			name = Release;
		};
		2C6C240B2A34AEFE002B107C /* Debug */ = {
			isa = XCBuildConfiguration;
			baseConfigurationReference = 77188B9A42879EFF9C212284 /* Pods-TodoLostTests.debug.xcconfig */;
			buildSettings = {
				ALWAYS_EMBED_SWIFT_STANDARD_LIBRARIES = YES;
				BUNDLE_LOADER = "$(TEST_HOST)";
				CODE_SIGN_STYLE = Automatic;
				CURRENT_PROJECT_VERSION = 1;
				DEVELOPMENT_TEAM = "";
				GENERATE_INFOPLIST_FILE = YES;
				IPHONEOS_DEPLOYMENT_TARGET = 16.4;
				MARKETING_VERSION = 1.0;
				PRODUCT_BUNDLE_IDENTIFIER = ru.zyfunphoto.TodoLostTests;
				PRODUCT_NAME = "$(TARGET_NAME)";
				SWIFT_EMIT_LOC_STRINGS = NO;
				SWIFT_VERSION = 5.0;
				TARGETED_DEVICE_FAMILY = "1,2";
				TEST_HOST = "$(BUILT_PRODUCTS_DIR)/TodoLost.app/$(BUNDLE_EXECUTABLE_FOLDER_PATH)/TodoLost";
			};
			name = Debug;
		};
		2C6C240C2A34AEFE002B107C /* Release */ = {
			isa = XCBuildConfiguration;
			baseConfigurationReference = 1FAFD59BFF832BC9F03568DB /* Pods-TodoLostTests.release.xcconfig */;
			buildSettings = {
				ALWAYS_EMBED_SWIFT_STANDARD_LIBRARIES = YES;
				BUNDLE_LOADER = "$(TEST_HOST)";
				CODE_SIGN_STYLE = Automatic;
				CURRENT_PROJECT_VERSION = 1;
				DEVELOPMENT_TEAM = "";
				GENERATE_INFOPLIST_FILE = YES;
				IPHONEOS_DEPLOYMENT_TARGET = 16.4;
				MARKETING_VERSION = 1.0;
				PRODUCT_BUNDLE_IDENTIFIER = ru.zyfunphoto.TodoLostTests;
				PRODUCT_NAME = "$(TARGET_NAME)";
				SWIFT_EMIT_LOC_STRINGS = NO;
				SWIFT_VERSION = 5.0;
				TARGETED_DEVICE_FAMILY = "1,2";
				TEST_HOST = "$(BUILT_PRODUCTS_DIR)/TodoLost.app/$(BUNDLE_EXECUTABLE_FOLDER_PATH)/TodoLost";
			};
			name = Release;
		};
		2C6C240E2A34AEFE002B107C /* Debug */ = {
			isa = XCBuildConfiguration;
			baseConfigurationReference = 9DF1CF3B1036AFF829779BE8 /* Pods-TodoLost-TodoLostUITests.debug.xcconfig */;
			buildSettings = {
				ALWAYS_EMBED_SWIFT_STANDARD_LIBRARIES = YES;
				CODE_SIGN_STYLE = Automatic;
				CURRENT_PROJECT_VERSION = 1;
				DEVELOPMENT_TEAM = "";
				GENERATE_INFOPLIST_FILE = YES;
				MARKETING_VERSION = 1.0;
				PRODUCT_BUNDLE_IDENTIFIER = ru.zyfunphoto.TodoLostUITests;
				PRODUCT_NAME = "$(TARGET_NAME)";
				SWIFT_EMIT_LOC_STRINGS = NO;
				SWIFT_VERSION = 5.0;
				TARGETED_DEVICE_FAMILY = "1,2";
				TEST_TARGET_NAME = TodoLost;
			};
			name = Debug;
		};
		2C6C240F2A34AEFE002B107C /* Release */ = {
			isa = XCBuildConfiguration;
			baseConfigurationReference = F04FB7AFDBEC0DF7B8AB1599 /* Pods-TodoLost-TodoLostUITests.release.xcconfig */;
			buildSettings = {
				ALWAYS_EMBED_SWIFT_STANDARD_LIBRARIES = YES;
				CODE_SIGN_STYLE = Automatic;
				CURRENT_PROJECT_VERSION = 1;
				DEVELOPMENT_TEAM = "";
				GENERATE_INFOPLIST_FILE = YES;
				MARKETING_VERSION = 1.0;
				PRODUCT_BUNDLE_IDENTIFIER = ru.zyfunphoto.TodoLostUITests;
				PRODUCT_NAME = "$(TARGET_NAME)";
				SWIFT_EMIT_LOC_STRINGS = NO;
				SWIFT_VERSION = 5.0;
				TARGETED_DEVICE_FAMILY = "1,2";
				TEST_TARGET_NAME = TodoLost;
			};
			name = Release;
		};
		2CD4EDC12A61F4BD00ED0CFB /* Debug */ = {
			isa = XCBuildConfiguration;
			buildSettings = {
				ASSETCATALOG_COMPILER_APPICON_NAME = AppIcon;
				ASSETCATALOG_COMPILER_GLOBAL_ACCENT_COLOR_NAME = AccentColor;
				CODE_SIGN_STYLE = Automatic;
				CURRENT_PROJECT_VERSION = 1;
				DEVELOPMENT_ASSET_PATHS = "\"TodoLostSwiftUI/Preview Content\"";
				DEVELOPMENT_TEAM = B66N983M7Q;
				ENABLE_PREVIEWS = YES;
				GENERATE_INFOPLIST_FILE = YES;
				INFOPLIST_KEY_UIApplicationSceneManifest_Generation = YES;
				INFOPLIST_KEY_UIApplicationSupportsIndirectInputEvents = YES;
				INFOPLIST_KEY_UILaunchScreen_Generation = YES;
				INFOPLIST_KEY_UISupportedInterfaceOrientations_iPad = "UIInterfaceOrientationPortrait UIInterfaceOrientationPortraitUpsideDown UIInterfaceOrientationLandscapeLeft UIInterfaceOrientationLandscapeRight";
				INFOPLIST_KEY_UISupportedInterfaceOrientations_iPhone = "UIInterfaceOrientationPortrait UIInterfaceOrientationLandscapeLeft UIInterfaceOrientationLandscapeRight";
				LD_RUNPATH_SEARCH_PATHS = (
					"$(inherited)",
					"@executable_path/Frameworks",
				);
				MARKETING_VERSION = 1.0;
				PRODUCT_BUNDLE_IDENTIFIER = ru.zyfunphoto.TodoLostSwiftUI;
				PRODUCT_NAME = "$(TARGET_NAME)";
				SWIFT_EMIT_LOC_STRINGS = YES;
				SWIFT_VERSION = 5.0;
				TARGETED_DEVICE_FAMILY = "1,2";
			};
			name = Debug;
		};
		2CD4EDC22A61F4BD00ED0CFB /* Release */ = {
			isa = XCBuildConfiguration;
			buildSettings = {
				ASSETCATALOG_COMPILER_APPICON_NAME = AppIcon;
				ASSETCATALOG_COMPILER_GLOBAL_ACCENT_COLOR_NAME = AccentColor;
				CODE_SIGN_STYLE = Automatic;
				CURRENT_PROJECT_VERSION = 1;
				DEVELOPMENT_ASSET_PATHS = "\"TodoLostSwiftUI/Preview Content\"";
				DEVELOPMENT_TEAM = B66N983M7Q;
				ENABLE_PREVIEWS = YES;
				GENERATE_INFOPLIST_FILE = YES;
				INFOPLIST_KEY_UIApplicationSceneManifest_Generation = YES;
				INFOPLIST_KEY_UIApplicationSupportsIndirectInputEvents = YES;
				INFOPLIST_KEY_UILaunchScreen_Generation = YES;
				INFOPLIST_KEY_UISupportedInterfaceOrientations_iPad = "UIInterfaceOrientationPortrait UIInterfaceOrientationPortraitUpsideDown UIInterfaceOrientationLandscapeLeft UIInterfaceOrientationLandscapeRight";
				INFOPLIST_KEY_UISupportedInterfaceOrientations_iPhone = "UIInterfaceOrientationPortrait UIInterfaceOrientationLandscapeLeft UIInterfaceOrientationLandscapeRight";
				LD_RUNPATH_SEARCH_PATHS = (
					"$(inherited)",
					"@executable_path/Frameworks",
				);
				MARKETING_VERSION = 1.0;
				PRODUCT_BUNDLE_IDENTIFIER = ru.zyfunphoto.TodoLostSwiftUI;
				PRODUCT_NAME = "$(TARGET_NAME)";
				SWIFT_EMIT_LOC_STRINGS = YES;
				SWIFT_VERSION = 5.0;
				TARGETED_DEVICE_FAMILY = "1,2";
			};
			name = Release;
		};
/* End XCBuildConfiguration section */

/* Begin XCConfigurationList section */
		2C6C23D82A34AEFB002B107C /* Build configuration list for PBXProject "TodoLost" */ = {
			isa = XCConfigurationList;
			buildConfigurations = (
				2C6C24052A34AEFE002B107C /* Debug */,
				2C6C24062A34AEFE002B107C /* Release */,
			);
			defaultConfigurationIsVisible = 0;
			defaultConfigurationName = Release;
		};
		2C6C24072A34AEFE002B107C /* Build configuration list for PBXNativeTarget "TodoLost" */ = {
			isa = XCConfigurationList;
			buildConfigurations = (
				2C6C24082A34AEFE002B107C /* Debug */,
				2C6C24092A34AEFE002B107C /* Release */,
			);
			defaultConfigurationIsVisible = 0;
			defaultConfigurationName = Release;
		};
		2C6C240A2A34AEFE002B107C /* Build configuration list for PBXNativeTarget "TodoLostTests" */ = {
			isa = XCConfigurationList;
			buildConfigurations = (
				2C6C240B2A34AEFE002B107C /* Debug */,
				2C6C240C2A34AEFE002B107C /* Release */,
			);
			defaultConfigurationIsVisible = 0;
			defaultConfigurationName = Release;
		};
		2C6C240D2A34AEFE002B107C /* Build configuration list for PBXNativeTarget "TodoLostUITests" */ = {
			isa = XCConfigurationList;
			buildConfigurations = (
				2C6C240E2A34AEFE002B107C /* Debug */,
				2C6C240F2A34AEFE002B107C /* Release */,
			);
			defaultConfigurationIsVisible = 0;
			defaultConfigurationName = Release;
		};
		2CD4EDC32A61F4BD00ED0CFB /* Build configuration list for PBXNativeTarget "TodoLostSwiftUI" */ = {
			isa = XCConfigurationList;
			buildConfigurations = (
				2CD4EDC12A61F4BD00ED0CFB /* Debug */,
				2CD4EDC22A61F4BD00ED0CFB /* Release */,
			);
			defaultConfigurationIsVisible = 0;
			defaultConfigurationName = Release;
		};
/* End XCConfigurationList section */

/* Begin XCRemoteSwiftPackageReference section */
		2C20162E2A4EDC89004EB2A7 /* XCRemoteSwiftPackageReference "CocoaLumberjack" */ = {
			isa = XCRemoteSwiftPackageReference;
			repositoryURL = "https://github.com/CocoaLumberjack/CocoaLumberjack";
			requirement = {
				kind = upToNextMajorVersion;
				minimumVersion = 3.0.0;
			};
		};
		2C2CD9F92A59A6C500CC2A3D /* XCRemoteSwiftPackageReference "SQLite.swift" */ = {
			isa = XCRemoteSwiftPackageReference;
			repositoryURL = "https://github.com/stephencelis/SQLite.swift.git";
			requirement = {
				kind = upToNextMajorVersion;
				minimumVersion = 0.14.1;
			};
		};
		2C3055762A4C742F001C3E5D /* XCRemoteSwiftPackageReference "DTLogger" */ = {
			isa = XCRemoteSwiftPackageReference;
			repositoryURL = "https://github.com/ZyFun/DTLogger.git";
			requirement = {
				kind = upToNextMajorVersion;
				minimumVersion = 1.0.1;
			};
		};
		2CE2692B2A4F3620000F90A7 /* XCRemoteSwiftPackageReference "ColorWheel" */ = {
			isa = XCRemoteSwiftPackageReference;
			repositoryURL = "https://github.com/ZyFun/ColorWheel";
			requirement = {
				kind = upToNextMajorVersion;
				minimumVersion = 1.0.0;
			};
		};
/* End XCRemoteSwiftPackageReference section */

/* Begin XCSwiftPackageProductDependency section */
		2C20162F2A4EDC89004EB2A7 /* CocoaLumberjackSwift */ = {
			isa = XCSwiftPackageProductDependency;
			package = 2C20162E2A4EDC89004EB2A7 /* XCRemoteSwiftPackageReference "CocoaLumberjack" */;
			productName = CocoaLumberjackSwift;
		};
		2C2016312A4EDC89004EB2A7 /* CocoaLumberjackSwiftLogBackend */ = {
			isa = XCSwiftPackageProductDependency;
			package = 2C20162E2A4EDC89004EB2A7 /* XCRemoteSwiftPackageReference "CocoaLumberjack" */;
			productName = CocoaLumberjackSwiftLogBackend;
		};
		2C2CD9FA2A59A6C500CC2A3D /* SQLite */ = {
			isa = XCSwiftPackageProductDependency;
			package = 2C2CD9F92A59A6C500CC2A3D /* XCRemoteSwiftPackageReference "SQLite.swift" */;
			productName = SQLite;
		};
		2C3055772A4C742F001C3E5D /* DTLogger */ = {
			isa = XCSwiftPackageProductDependency;
			package = 2C3055762A4C742F001C3E5D /* XCRemoteSwiftPackageReference "DTLogger" */;
			productName = DTLogger;
		};
		2CE2692C2A4F3620000F90A7 /* ColorWheel */ = {
			isa = XCSwiftPackageProductDependency;
			package = 2CE2692B2A4F3620000F90A7 /* XCRemoteSwiftPackageReference "ColorWheel" */;
			productName = ColorWheel;
		};
/* End XCSwiftPackageProductDependency section */

/* Begin XCVersionGroup section */
		2CE7558C2A5BCDEC00978908 /* TodoItem.xcdatamodeld */ = {
			isa = XCVersionGroup;
			children = (
				2CE7558D2A5BCDEC00978908 /* TodoItem.xcdatamodel */,
			);
			currentVersion = 2CE7558D2A5BCDEC00978908 /* TodoItem.xcdatamodel */;
			path = TodoItem.xcdatamodeld;
			sourceTree = "<group>";
			versionGroupType = wrapper.xcdatamodel;
		};
/* End XCVersionGroup section */
	};
	rootObject = 2C6C23D52A34AEFB002B107C /* Project object */;
}
